PODS:
  - Alamofire (5.6.3)
  - SwiftLint (0.50.0)

DEPENDENCIES:
  - Alamofire (~> 5.3)
  - SwiftLint

SPEC REPOS:
  trunk:
    - Alamofire
    - SwiftLint

SPEC CHECKSUMS:
  Alamofire: 8b7a946e9db6f76e93eaa0d4c84e3751633959c9
  SwiftLint: 9cbf846727f3312f3ba722f2d7108a162cd050a5

PODFILE CHECKSUM: 48de80e84a02ea4a9b62ed518d3656fd8946ed40

COCOAPODS: 1.11.3
