// !$*UTF8*$!
{
	archiveVersion = 1;
	classes = {
	};
	objectVersion = 56;
	objects = {

/* Begin PBXBuildFile section */
		A5056EA629129E4E0073D407 /* UIViewController.swift in Sources */ = {isa = PBXBuildFile; fileRef = A5056EA529129E4E0073D407 /* UIViewController.swift */; };
		A516BC3029104307008802FC /* AppDelegate.swift in Sources */ = {isa = PBXBuildFile; fileRef = A516BC2F29104307008802FC /* AppDelegate.swift */; };
		A516BC3229104307008802FC /* SceneDelegate.swift in Sources */ = {isa = PBXBuildFile; fileRef = A516BC3129104307008802FC /* SceneDelegate.swift */; };
		A516BC3429104307008802FC /* LogInViewController.swift in Sources */ = {isa = PBXBuildFile; fileRef = A516BC3329104307008802FC /* LogInViewController.swift */; };
		A516BC3729104307008802FC /* Main.storyboard in Resources */ = {isa = PBXBuildFile; fileRef = A516BC3529104307008802FC /* Main.storyboard */; };
		A516BC3C29104308008802FC /* LaunchScreen.storyboard in Resources */ = {isa = PBXBuildFile; fileRef = A516BC3A29104308008802FC /* LaunchScreen.storyboard */; };
		A516BC4729104308008802FC /* VKAppTests.swift in Sources */ = {isa = PBXBuildFile; fileRef = A516BC4629104308008802FC /* VKAppTests.swift */; };
		A516BC5129104308008802FC /* VKAppUITests.swift in Sources */ = {isa = PBXBuildFile; fileRef = A516BC5029104308008802FC /* VKAppUITests.swift */; };
		A516BC5329104308008802FC /* VKAppUITestsLaunchTests.swift in Sources */ = {isa = PBXBuildFile; fileRef = A516BC5229104308008802FC /* VKAppUITestsLaunchTests.swift */; };
		A516BC9E29108929008802FC /* Assets.xcassets in Resources */ = {isa = PBXBuildFile; fileRef = A516BC9D29108929008802FC /* Assets.xcassets */; };
		A516BCA02910A2F0008802FC /* RegistrationViewController.swift in Sources */ = {isa = PBXBuildFile; fileRef = A516BC9F2910A2F0008802FC /* RegistrationViewController.swift */; };
		A5F3D66B2911C8C6004EB22A /* FriendsTableViewController.swift in Sources */ = {isa = PBXBuildFile; fileRef = A5F3D66A2911C8C6004EB22A /* FriendsTableViewController.swift */; };
		A5F3D66F2911C926004EB22A /* PhotosCollectionViewController.swift in Sources */ = {isa = PBXBuildFile; fileRef = A5F3D66E2911C926004EB22A /* PhotosCollectionViewController.swift */; };
		A5F3D6712911C961004EB22A /* UserGroupsTableViewController.swift in Sources */ = {isa = PBXBuildFile; fileRef = A5F3D6702911C961004EB22A /* UserGroupsTableViewController.swift */; };
		A5F3D6732911C97B004EB22A /* GlobalSearchTableViewController.swift in Sources */ = {isa = PBXBuildFile; fileRef = A5F3D6722911C97B004EB22A /* GlobalSearchTableViewController.swift */; };
/* End PBXBuildFile section */

/* Begin PBXContainerItemProxy section */
		A516BC4329104308008802FC /* PBXContainerItemProxy */ = {
			isa = PBXContainerItemProxy;
			containerPortal = A516BC2429104307008802FC /* Project object */;
			proxyType = 1;
			remoteGlobalIDString = A516BC2B29104307008802FC;
			remoteInfo = VKApp;
		};
		A516BC4D29104308008802FC /* PBXContainerItemProxy */ = {
			isa = PBXContainerItemProxy;
			containerPortal = A516BC2429104307008802FC /* Project object */;
			proxyType = 1;
			remoteGlobalIDString = A516BC2B29104307008802FC;
			remoteInfo = VKApp;
		};
/* End PBXContainerItemProxy section */

/* Begin PBXFileReference section */
		A5056EA529129E4E0073D407 /* UIViewController.swift */ = {isa = PBXFileReference; lastKnownFileType = sourcecode.swift; path = UIViewController.swift; sourceTree = "<group>"; };
		A516BC2C29104307008802FC /* VKApp.app */ = {isa = PBXFileReference; explicitFileType = wrapper.application; includeInIndex = 0; path = VKApp.app; sourceTree = BUILT_PRODUCTS_DIR; };
		A516BC2F29104307008802FC /* AppDelegate.swift */ = {isa = PBXFileReference; lastKnownFileType = sourcecode.swift; path = AppDelegate.swift; sourceTree = "<group>"; };
		A516BC3129104307008802FC /* SceneDelegate.swift */ = {isa = PBXFileReference; lastKnownFileType = sourcecode.swift; path = SceneDelegate.swift; sourceTree = "<group>"; };
		A516BC3329104307008802FC /* LogInViewController.swift */ = {isa = PBXFileReference; lastKnownFileType = sourcecode.swift; path = LogInViewController.swift; sourceTree = "<group>"; };
		A516BC3629104307008802FC /* Base */ = {isa = PBXFileReference; lastKnownFileType = file.storyboard; name = Base; path = Base.lproj/Main.storyboard; sourceTree = "<group>"; };
		A516BC3B29104308008802FC /* Base */ = {isa = PBXFileReference; lastKnownFileType = file.storyboard; name = Base; path = Base.lproj/LaunchScreen.storyboard; sourceTree = "<group>"; };
		A516BC3D29104308008802FC /* Info.plist */ = {isa = PBXFileReference; lastKnownFileType = text.plist.xml; path = Info.plist; sourceTree = "<group>"; };
		A516BC4229104308008802FC /* VKAppTests.xctest */ = {isa = PBXFileReference; explicitFileType = wrapper.cfbundle; includeInIndex = 0; path = VKAppTests.xctest; sourceTree = BUILT_PRODUCTS_DIR; };
		A516BC4629104308008802FC /* VKAppTests.swift */ = {isa = PBXFileReference; lastKnownFileType = sourcecode.swift; path = VKAppTests.swift; sourceTree = "<group>"; };
		A516BC4C29104308008802FC /* VKAppUITests.xctest */ = {isa = PBXFileReference; explicitFileType = wrapper.cfbundle; includeInIndex = 0; path = VKAppUITests.xctest; sourceTree = BUILT_PRODUCTS_DIR; };
		A516BC5029104308008802FC /* VKAppUITests.swift */ = {isa = PBXFileReference; lastKnownFileType = sourcecode.swift; path = VKAppUITests.swift; sourceTree = "<group>"; };
		A516BC5229104308008802FC /* VKAppUITestsLaunchTests.swift */ = {isa = PBXFileReference; lastKnownFileType = sourcecode.swift; path = VKAppUITestsLaunchTests.swift; sourceTree = "<group>"; };
		A516BC9D29108929008802FC /* Assets.xcassets */ = {isa = PBXFileReference; lastKnownFileType = folder.assetcatalog; path = Assets.xcassets; sourceTree = "<group>"; };
		A516BC9F2910A2F0008802FC /* RegistrationViewController.swift */ = {isa = PBXFileReference; lastKnownFileType = sourcecode.swift; path = RegistrationViewController.swift; sourceTree = "<group>"; };
		A5F3D66A2911C8C6004EB22A /* FriendsTableViewController.swift */ = {isa = PBXFileReference; lastKnownFileType = sourcecode.swift; path = FriendsTableViewController.swift; sourceTree = "<group>"; };
		A5F3D66E2911C926004EB22A /* PhotosCollectionViewController.swift */ = {isa = PBXFileReference; lastKnownFileType = sourcecode.swift; path = PhotosCollectionViewController.swift; sourceTree = "<group>"; };
		A5F3D6702911C961004EB22A /* UserGroupsTableViewController.swift */ = {isa = PBXFileReference; lastKnownFileType = sourcecode.swift; path = UserGroupsTableViewController.swift; sourceTree = "<group>"; };
		A5F3D6722911C97B004EB22A /* GlobalSearchTableViewController.swift */ = {isa = PBXFileReference; lastKnownFileType = sourcecode.swift; path = GlobalSearchTableViewController.swift; sourceTree = "<group>"; };
/* End PBXFileReference section */

/* Begin PBXFrameworksBuildPhase section */
		A516BC2929104307008802FC /* Frameworks */ = {
			isa = PBXFrameworksBuildPhase;
			buildActionMask = 2147483647;
			files = (
			);
			runOnlyForDeploymentPostprocessing = 0;
		};
		A516BC3F29104308008802FC /* Frameworks */ = {
			isa = PBXFrameworksBuildPhase;
			buildActionMask = 2147483647;
			files = (
			);
			runOnlyForDeploymentPostprocessing = 0;
		};
		A516BC4929104308008802FC /* Frameworks */ = {
			isa = PBXFrameworksBuildPhase;
			buildActionMask = 2147483647;
			files = (
			);
			runOnlyForDeploymentPostprocessing = 0;
		};
/* End PBXFrameworksBuildPhase section */

/* Begin PBXGroup section */
		A516BC2329104307008802FC = {
			isa = PBXGroup;
			children = (
				A516BC2E29104307008802FC /* VKApp */,
				A516BC4529104308008802FC /* VKAppTests */,
				A516BC4F29104308008802FC /* VKAppUITests */,
				A516BC2D29104307008802FC /* Products */,
			);
			sourceTree = "<group>";
		};
		A516BC2D29104307008802FC /* Products */ = {
			isa = PBXGroup;
			children = (
				A516BC2C29104307008802FC /* VKApp.app */,
				A516BC4229104308008802FC /* VKAppTests.xctest */,
				A516BC4C29104308008802FC /* VKAppUITests.xctest */,
			);
			name = Products;
			sourceTree = "<group>";
		};
		A516BC2E29104307008802FC /* VKApp */ = {
			isa = PBXGroup;
			children = (
				A516BC2F29104307008802FC /* AppDelegate.swift */,
				A516BC3129104307008802FC /* SceneDelegate.swift */,
				A5F3D66D2911C8F0004EB22A /* TabBar */,
				A5F3D66C2911C8DC004EB22A /* LogIn */,
				A5056EA529129E4E0073D407 /* UIViewController.swift */,
				A516BC3529104307008802FC /* Main.storyboard */,
				A516BC3A29104308008802FC /* LaunchScreen.storyboard */,
				A516BC9D29108929008802FC /* Assets.xcassets */,
				A516BC3D29104308008802FC /* Info.plist */,
			);
			path = VKApp;
			sourceTree = "<group>";
		};
		A516BC4529104308008802FC /* VKAppTests */ = {
			isa = PBXGroup;
			children = (
				A516BC4629104308008802FC /* VKAppTests.swift */,
			);
			path = VKAppTests;
			sourceTree = "<group>";
		};
		A516BC4F29104308008802FC /* VKAppUITests */ = {
			isa = PBXGroup;
			children = (
				A516BC5029104308008802FC /* VKAppUITests.swift */,
				A516BC5229104308008802FC /* VKAppUITestsLaunchTests.swift */,
			);
			path = VKAppUITests;
			sourceTree = "<group>";
		};
		A5F3D66C2911C8DC004EB22A /* LogIn */ = {
			isa = PBXGroup;
			children = (
				A516BC9F2910A2F0008802FC /* RegistrationViewController.swift */,
				A516BC3329104307008802FC /* LogInViewController.swift */,
			);
			path = LogIn;
			sourceTree = "<group>";
		};
		A5F3D66D2911C8F0004EB22A /* TabBar */ = {
			isa = PBXGroup;
			children = (
				A5F3D66A2911C8C6004EB22A /* FriendsTableViewController.swift */,
				A5F3D66E2911C926004EB22A /* PhotosCollectionViewController.swift */,
				A5F3D6702911C961004EB22A /* UserGroupsTableViewController.swift */,
				A5F3D6722911C97B004EB22A /* GlobalSearchTableViewController.swift */,
			);
			path = TabBar;
			sourceTree = "<group>";
		};
/* End PBXGroup section */

/* Begin PBXNativeTarget section */
		A516BC2B29104307008802FC /* VKApp */ = {
			isa = PBXNativeTarget;
			buildConfigurationList = A516BC5629104308008802FC /* Build configuration list for PBXNativeTarget "VKApp" */;
			buildPhases = (
				A516BC602910432E008802FC /* SwiftFormat */,
				A516BC5F2910431C008802FC /* SwiftLint */,
				A516BC2829104307008802FC /* Sources */,
				A516BC2929104307008802FC /* Frameworks */,
				A516BC2A29104307008802FC /* Resources */,
			);
			buildRules = (
			);
			dependencies = (
			);
			name = VKApp;
			productName = VKApp;
			productReference = A516BC2C29104307008802FC /* VKApp.app */;
			productType = "com.apple.product-type.application";
		};
		A516BC4129104308008802FC /* VKAppTests */ = {
			isa = PBXNativeTarget;
			buildConfigurationList = A516BC5929104308008802FC /* Build configuration list for PBXNativeTarget "VKAppTests" */;
			buildPhases = (
				A516BC3E29104308008802FC /* Sources */,
				A516BC3F29104308008802FC /* Frameworks */,
				A516BC4029104308008802FC /* Resources */,
			);
			buildRules = (
			);
			dependencies = (
				A516BC4429104308008802FC /* PBXTargetDependency */,
			);
			name = VKAppTests;
			productName = VKAppTests;
			productReference = A516BC4229104308008802FC /* VKAppTests.xctest */;
			productType = "com.apple.product-type.bundle.unit-test";
		};
		A516BC4B29104308008802FC /* VKAppUITests */ = {
			isa = PBXNativeTarget;
			buildConfigurationList = A516BC5C29104308008802FC /* Build configuration list for PBXNativeTarget "VKAppUITests" */;
			buildPhases = (
				A516BC4829104308008802FC /* Sources */,
				A516BC4929104308008802FC /* Frameworks */,
				A516BC4A29104308008802FC /* Resources */,
			);
			buildRules = (
			);
			dependencies = (
				A516BC4E29104308008802FC /* PBXTargetDependency */,
			);
			name = VKAppUITests;
			productName = VKAppUITests;
			productReference = A516BC4C29104308008802FC /* VKAppUITests.xctest */;
			productType = "com.apple.product-type.bundle.ui-testing";
		};
/* End PBXNativeTarget section */

/* Begin PBXProject section */
		A516BC2429104307008802FC /* Project object */ = {
			isa = PBXProject;
			attributes = {
				BuildIndependentTargetsInParallel = 1;
				LastSwiftUpdateCheck = 1400;
				LastUpgradeCheck = 1400;
				TargetAttributes = {
					A516BC2B29104307008802FC = {
						CreatedOnToolsVersion = 14.0.1;
					};
					A516BC4129104308008802FC = {
						CreatedOnToolsVersion = 14.0.1;
						TestTargetID = A516BC2B29104307008802FC;
					};
					A516BC4B29104308008802FC = {
						CreatedOnToolsVersion = 14.0.1;
						TestTargetID = A516BC2B29104307008802FC;
					};
				};
			};
			buildConfigurationList = A516BC2729104307008802FC /* Build configuration list for PBXProject "VKApp" */;
			compatibilityVersion = "Xcode 14.0";
			developmentRegion = en;
			hasScannedForEncodings = 0;
			knownRegions = (
				en,
				Base,
			);
			mainGroup = A516BC2329104307008802FC;
			productRefGroup = A516BC2D29104307008802FC /* Products */;
			projectDirPath = "";
			projectRoot = "";
			targets = (
				A516BC2B29104307008802FC /* VKApp */,
				A516BC4129104308008802FC /* VKAppTests */,
				A516BC4B29104308008802FC /* VKAppUITests */,
			);
		};
/* End PBXProject section */

/* Begin PBXResourcesBuildPhase section */
		A516BC2A29104307008802FC /* Resources */ = {
			isa = PBXResourcesBuildPhase;
			buildActionMask = 2147483647;
			files = (
				A516BC3C29104308008802FC /* LaunchScreen.storyboard in Resources */,
				A516BC9E29108929008802FC /* Assets.xcassets in Resources */,
				A516BC3729104307008802FC /* Main.storyboard in Resources */,
			);
			runOnlyForDeploymentPostprocessing = 0;
		};
		A516BC4029104308008802FC /* Resources */ = {
			isa = PBXResourcesBuildPhase;
			buildActionMask = 2147483647;
			files = (
			);
			runOnlyForDeploymentPostprocessing = 0;
		};
		A516BC4A29104308008802FC /* Resources */ = {
			isa = PBXResourcesBuildPhase;
			buildActionMask = 2147483647;
			files = (
			);
			runOnlyForDeploymentPostprocessing = 0;
		};
/* End PBXResourcesBuildPhase section */

/* Begin PBXShellScriptBuildPhase section */
		A516BC5F2910431C008802FC /* SwiftLint */ = {
			isa = PBXShellScriptBuildPhase;
			buildActionMask = 2147483647;
			files = (
			);
			inputFileListPaths = (
			);
			inputPaths = (
			);
			name = SwiftLint;
			outputFileListPaths = (
			);
			outputPaths = (
			);
			runOnlyForDeploymentPostprocessing = 0;
			shellPath = /bin/sh;
			shellScript = "export PATH=\"$PATH:/opt/homebrew/bin\"\nif which swiftlint > /dev/null; then\n  swiftlint\nelse\n  echo \"warning: SwiftLint not installed, download from https://github.com/realm/SwiftLint\"\nfi\n";
		};
		A516BC602910432E008802FC /* SwiftFormat */ = {
			isa = PBXShellScriptBuildPhase;
			buildActionMask = 2147483647;
			files = (
			);
			inputFileListPaths = (
			);
			inputPaths = (
			);
			name = SwiftFormat;
			outputFileListPaths = (
			);
			outputPaths = (
			);
			runOnlyForDeploymentPostprocessing = 0;
			shellPath = /bin/sh;
			shellScript = "export PATH=\"$PATH:/opt/homebrew/bin\"\nif which swiftformat >/dev/null; then\n  swiftformat .\nelse\n  echo \"warning: SwiftFormat not installed, download from https://github.com/nicklockwood/SwiftFormat\"\nfi\n";
		};
/* End PBXShellScriptBuildPhase section */

/* Begin PBXSourcesBuildPhase section */
		A516BC2829104307008802FC /* Sources */ = {
			isa = PBXSourcesBuildPhase;
			buildActionMask = 2147483647;
			files = (
				A516BC3429104307008802FC /* LogInViewController.swift in Sources */,
				A5F3D66B2911C8C6004EB22A /* FriendsTableViewController.swift in Sources */,
				A516BC3029104307008802FC /* AppDelegate.swift in Sources */,
				A5F3D66F2911C926004EB22A /* PhotosCollectionViewController.swift in Sources */,
				A516BCA02910A2F0008802FC /* RegistrationViewController.swift in Sources */,
				A5056EA629129E4E0073D407 /* UIViewController.swift in Sources */,
				A5F3D6712911C961004EB22A /* UserGroupsTableViewController.swift in Sources */,
				A5F3D6732911C97B004EB22A /* GlobalSearchTableViewController.swift in Sources */,
				A516BC3229104307008802FC /* SceneDelegate.swift in Sources */,
			);
			runOnlyForDeploymentPostprocessing = 0;
		};
		A516BC3E29104308008802FC /* Sources */ = {
			isa = PBXSourcesBuildPhase;
			buildActionMask = 2147483647;
			files = (
				A516BC4729104308008802FC /* VKAppTests.swift in Sources */,
			);
			runOnlyForDeploymentPostprocessing = 0;
		};
		A516BC4829104308008802FC /* Sources */ = {
			isa = PBXSourcesBuildPhase;
			buildActionMask = 2147483647;
			files = (
				A516BC5129104308008802FC /* VKAppUITests.swift in Sources */,
				A516BC5329104308008802FC /* VKAppUITestsLaunchTests.swift in Sources */,
			);
			runOnlyForDeploymentPostprocessing = 0;
		};
/* End PBXSourcesBuildPhase section */

/* Begin PBXTargetDependency section */
		A516BC4429104308008802FC /* PBXTargetDependency */ = {
			isa = PBXTargetDependency;
			target = A516BC2B29104307008802FC /* VKApp */;
			targetProxy = A516BC4329104308008802FC /* PBXContainerItemProxy */;
		};
		A516BC4E29104308008802FC /* PBXTargetDependency */ = {
			isa = PBXTargetDependency;
			target = A516BC2B29104307008802FC /* VKApp */;
			targetProxy = A516BC4D29104308008802FC /* PBXContainerItemProxy */;
		};
/* End PBXTargetDependency section */

/* Begin PBXVariantGroup section */
		A516BC3529104307008802FC /* Main.storyboard */ = {
			isa = PBXVariantGroup;
			children = (
				A516BC3629104307008802FC /* Base */,
			);
			name = Main.storyboard;
			sourceTree = "<group>";
		};
		A516BC3A29104308008802FC /* LaunchScreen.storyboard */ = {
			isa = PBXVariantGroup;
			children = (
				A516BC3B29104308008802FC /* Base */,
			);
			name = LaunchScreen.storyboard;
			sourceTree = "<group>";
		};
/* End PBXVariantGroup section */

/* Begin XCBuildConfiguration section */
		A516BC5429104308008802FC /* Debug */ = {
			isa = XCBuildConfiguration;
			buildSettings = {
				ALWAYS_SEARCH_USER_PATHS = NO;
				CLANG_ANALYZER_NONNULL = YES;
				CLANG_ANALYZER_NUMBER_OBJECT_CONVERSION = YES_AGGRESSIVE;
				CLANG_CXX_LANGUAGE_STANDARD = "gnu++20";
				CLANG_ENABLE_MODULES = YES;
				CLANG_ENABLE_OBJC_ARC = YES;
				CLANG_ENABLE_OBJC_WEAK = YES;
				CLANG_WARN_BLOCK_CAPTURE_AUTORELEASING = YES;
				CLANG_WARN_BOOL_CONVERSION = YES;
				CLANG_WARN_COMMA = YES;
				CLANG_WARN_CONSTANT_CONVERSION = YES;
				CLANG_WARN_DEPRECATED_OBJC_IMPLEMENTATIONS = YES;
				CLANG_WARN_DIRECT_OBJC_ISA_USAGE = YES_ERROR;
				CLANG_WARN_DOCUMENTATION_COMMENTS = YES;
				CLANG_WARN_EMPTY_BODY = YES;
				CLANG_WARN_ENUM_CONVERSION = YES;
				CLANG_WARN_INFINITE_RECURSION = YES;
				CLANG_WARN_INT_CONVERSION = YES;
				CLANG_WARN_NON_LITERAL_NULL_CONVERSION = YES;
				CLANG_WARN_OBJC_IMPLICIT_RETAIN_SELF = YES;
				CLANG_WARN_OBJC_LITERAL_CONVERSION = YES;
				CLANG_WARN_OBJC_ROOT_CLASS = YES_ERROR;
				CLANG_WARN_QUOTED_INCLUDE_IN_FRAMEWORK_HEADER = YES;
				CLANG_WARN_RANGE_LOOP_ANALYSIS = YES;
				CLANG_WARN_STRICT_PROTOTYPES = YES;
				CLANG_WARN_SUSPICIOUS_MOVE = YES;
				CLANG_WARN_UNGUARDED_AVAILABILITY = YES_AGGRESSIVE;
				CLANG_WARN_UNREACHABLE_CODE = YES;
				CLANG_WARN__DUPLICATE_METHOD_MATCH = YES;
				COPY_PHASE_STRIP = NO;
				DEBUG_INFORMATION_FORMAT = dwarf;
				ENABLE_STRICT_OBJC_MSGSEND = YES;
				ENABLE_TESTABILITY = YES;
				GCC_C_LANGUAGE_STANDARD = gnu11;
				GCC_DYNAMIC_NO_PIC = NO;
				GCC_NO_COMMON_BLOCKS = YES;
				GCC_OPTIMIZATION_LEVEL = 0;
				GCC_PREPROCESSOR_DEFINITIONS = (
					"DEBUG=1",
					"$(inherited)",
				);
				GCC_WARN_64_TO_32_BIT_CONVERSION = YES;
				GCC_WARN_ABOUT_RETURN_TYPE = YES_ERROR;
				GCC_WARN_UNDECLARED_SELECTOR = YES;
				GCC_WARN_UNINITIALIZED_AUTOS = YES_AGGRESSIVE;
				GCC_WARN_UNUSED_FUNCTION = YES;
				GCC_WARN_UNUSED_VARIABLE = YES;
				IPHONEOS_DEPLOYMENT_TARGET = 16.0;
				MTL_ENABLE_DEBUG_INFO = INCLUDE_SOURCE;
				MTL_FAST_MATH = YES;
				ONLY_ACTIVE_ARCH = YES;
				SDKROOT = iphoneos;
				SWIFT_ACTIVE_COMPILATION_CONDITIONS = DEBUG;
				SWIFT_OPTIMIZATION_LEVEL = "-Onone";
			};
			name = Debug;
		};
		A516BC5529104308008802FC /* Release */ = {
			isa = XCBuildConfiguration;
			buildSettings = {
				ALWAYS_SEARCH_USER_PATHS = NO;
				CLANG_ANALYZER_NONNULL = YES;
				CLANG_ANALYZER_NUMBER_OBJECT_CONVERSION = YES_AGGRESSIVE;
				CLANG_CXX_LANGUAGE_STANDARD = "gnu++20";
				CLANG_ENABLE_MODULES = YES;
				CLANG_ENABLE_OBJC_ARC = YES;
				CLANG_ENABLE_OBJC_WEAK = YES;
				CLANG_WARN_BLOCK_CAPTURE_AUTORELEASING = YES;
				CLANG_WARN_BOOL_CONVERSION = YES;
				CLANG_WARN_COMMA = YES;
				CLANG_WARN_CONSTANT_CONVERSION = YES;
				CLANG_WARN_DEPRECATED_OBJC_IMPLEMENTATIONS = YES;
				CLANG_WARN_DIRECT_OBJC_ISA_USAGE = YES_ERROR;
				CLANG_WARN_DOCUMENTATION_COMMENTS = YES;
				CLANG_WARN_EMPTY_BODY = YES;
				CLANG_WARN_ENUM_CONVERSION = YES;
				CLANG_WARN_INFINITE_RECURSION = YES;
				CLANG_WARN_INT_CONVERSION = YES;
				CLANG_WARN_NON_LITERAL_NULL_CONVERSION = YES;
				CLANG_WARN_OBJC_IMPLICIT_RETAIN_SELF = YES;
				CLANG_WARN_OBJC_LITERAL_CONVERSION = YES;
				CLANG_WARN_OBJC_ROOT_CLASS = YES_ERROR;
				CLANG_WARN_QUOTED_INCLUDE_IN_FRAMEWORK_HEADER = YES;
				CLANG_WARN_RANGE_LOOP_ANALYSIS = YES;
				CLANG_WARN_STRICT_PROTOTYPES = YES;
				CLANG_WARN_SUSPICIOUS_MOVE = YES;
				CLANG_WARN_UNGUARDED_AVAILABILITY = YES_AGGRESSIVE;
				CLANG_WARN_UNREACHABLE_CODE = YES;
				CLANG_WARN__DUPLICATE_METHOD_MATCH = YES;
				COPY_PHASE_STRIP = NO;
				DEBUG_INFORMATION_FORMAT = "dwarf-with-dsym";
				ENABLE_NS_ASSERTIONS = NO;
				ENABLE_STRICT_OBJC_MSGSEND = YES;
				GCC_C_LANGUAGE_STANDARD = gnu11;
				GCC_NO_COMMON_BLOCKS = YES;
				GCC_WARN_64_TO_32_BIT_CONVERSION = YES;
				GCC_WARN_ABOUT_RETURN_TYPE = YES_ERROR;
				GCC_WARN_UNDECLARED_SELECTOR = YES;
				GCC_WARN_UNINITIALIZED_AUTOS = YES_AGGRESSIVE;
				GCC_WARN_UNUSED_FUNCTION = YES;
				GCC_WARN_UNUSED_VARIABLE = YES;
				IPHONEOS_DEPLOYMENT_TARGET = 16.0;
				MTL_ENABLE_DEBUG_INFO = NO;
				MTL_FAST_MATH = YES;
				SDKROOT = iphoneos;
				SWIFT_COMPILATION_MODE = wholemodule;
				SWIFT_OPTIMIZATION_LEVEL = "-O";
				VALIDATE_PRODUCT = YES;
			};
			name = Release;
		};
		A516BC5729104308008802FC /* Debug */ = {
			isa = XCBuildConfiguration;
			buildSettings = {
				ASSETCATALOG_COMPILER_APPICON_NAME = AppIcon;
				ASSETCATALOG_COMPILER_GLOBAL_ACCENT_COLOR_NAME = AccentColor;
				CODE_SIGN_STYLE = Automatic;
				CURRENT_PROJECT_VERSION = 1;
				DEVELOPMENT_TEAM = T89X3T8CX6;
				GENERATE_INFOPLIST_FILE = YES;
				INFOPLIST_FILE = VKApp/Info.plist;
				INFOPLIST_KEY_UIApplicationSupportsIndirectInputEvents = YES;
				INFOPLIST_KEY_UILaunchStoryboardName = LaunchScreen;
				INFOPLIST_KEY_UIMainStoryboardFile = Main;
				INFOPLIST_KEY_UISupportedInterfaceOrientations_iPad = "UIInterfaceOrientationPortrait UIInterfaceOrientationPortraitUpsideDown UIInterfaceOrientationLandscapeLeft UIInterfaceOrientationLandscapeRight";
				INFOPLIST_KEY_UISupportedInterfaceOrientations_iPhone = "UIInterfaceOrientationPortrait UIInterfaceOrientationLandscapeLeft UIInterfaceOrientationLandscapeRight";
				LD_RUNPATH_SEARCH_PATHS = (
					"$(inherited)",
					"@executable_path/Frameworks",
				);
				MARKETING_VERSION = 1.0;
				PRODUCT_BUNDLE_IDENTIFIER = "-.VKApp";
				PRODUCT_NAME = "$(TARGET_NAME)";
				SWIFT_EMIT_LOC_STRINGS = YES;
				SWIFT_VERSION = 5.0;
				TARGETED_DEVICE_FAMILY = "1,2";
			};
			name = Debug;
		};
		A516BC5829104308008802FC /* Release */ = {
			isa = XCBuildConfiguration;
			buildSettings = {
				ASSETCATALOG_COMPILER_APPICON_NAME = AppIcon;
				ASSETCATALOG_COMPILER_GLOBAL_ACCENT_COLOR_NAME = AccentColor;
				CODE_SIGN_STYLE = Automatic;
				CURRENT_PROJECT_VERSION = 1;
				DEVELOPMENT_TEAM = T89X3T8CX6;
				GENERATE_INFOPLIST_FILE = YES;
				INFOPLIST_FILE = VKApp/Info.plist;
				INFOPLIST_KEY_UIApplicationSupportsIndirectInputEvents = YES;
				INFOPLIST_KEY_UILaunchStoryboardName = LaunchScreen;
				INFOPLIST_KEY_UIMainStoryboardFile = Main;
				INFOPLIST_KEY_UISupportedInterfaceOrientations_iPad = "UIInterfaceOrientationPortrait UIInterfaceOrientationPortraitUpsideDown UIInterfaceOrientationLandscapeLeft UIInterfaceOrientationLandscapeRight";
				INFOPLIST_KEY_UISupportedInterfaceOrientations_iPhone = "UIInterfaceOrientationPortrait UIInterfaceOrientationLandscapeLeft UIInterfaceOrientationLandscapeRight";
				LD_RUNPATH_SEARCH_PATHS = (
					"$(inherited)",
					"@executable_path/Frameworks",
				);
				MARKETING_VERSION = 1.0;
				PRODUCT_BUNDLE_IDENTIFIER = "-.VKApp";
				PRODUCT_NAME = "$(TARGET_NAME)";
				SWIFT_EMIT_LOC_STRINGS = YES;
				SWIFT_VERSION = 5.0;
				TARGETED_DEVICE_FAMILY = "1,2";
			};
			name = Release;
		};
		A516BC5A29104308008802FC /* Debug */ = {
			isa = XCBuildConfiguration;
			buildSettings = {
				ALWAYS_EMBED_SWIFT_STANDARD_LIBRARIES = YES;
				BUNDLE_LOADER = "$(TEST_HOST)";
				CODE_SIGN_STYLE = Automatic;
				CURRENT_PROJECT_VERSION = 1;
				DEVELOPMENT_TEAM = T89X3T8CX6;
				GENERATE_INFOPLIST_FILE = YES;
				IPHONEOS_DEPLOYMENT_TARGET = 16.0;
				MARKETING_VERSION = 1.0;
				PRODUCT_BUNDLE_IDENTIFIER = "-.VKAppTests";
				PRODUCT_NAME = "$(TARGET_NAME)";
				SWIFT_EMIT_LOC_STRINGS = NO;
				SWIFT_VERSION = 5.0;
				TARGETED_DEVICE_FAMILY = "1,2";
				TEST_HOST = "$(BUILT_PRODUCTS_DIR)/VKApp.app/$(BUNDLE_EXECUTABLE_FOLDER_PATH)/VKApp";
			};
			name = Debug;
		};
		A516BC5B29104308008802FC /* Release */ = {
			isa = XCBuildConfiguration;
			buildSettings = {
				ALWAYS_EMBED_SWIFT_STANDARD_LIBRARIES = YES;
				BUNDLE_LOADER = "$(TEST_HOST)";
				CODE_SIGN_STYLE = Automatic;
				CURRENT_PROJECT_VERSION = 1;
				DEVELOPMENT_TEAM = T89X3T8CX6;
				GENERATE_INFOPLIST_FILE = YES;
				IPHONEOS_DEPLOYMENT_TARGET = 16.0;
				MARKETING_VERSION = 1.0;
				PRODUCT_BUNDLE_IDENTIFIER = "-.VKAppTests";
				PRODUCT_NAME = "$(TARGET_NAME)";
				SWIFT_EMIT_LOC_STRINGS = NO;
				SWIFT_VERSION = 5.0;
				TARGETED_DEVICE_FAMILY = "1,2";
				TEST_HOST = "$(BUILT_PRODUCTS_DIR)/VKApp.app/$(BUNDLE_EXECUTABLE_FOLDER_PATH)/VKApp";
			};
			name = Release;
		};
		A516BC5D29104308008802FC /* Debug */ = {
			isa = XCBuildConfiguration;
			buildSettings = {
				ALWAYS_EMBED_SWIFT_STANDARD_LIBRARIES = YES;
				CODE_SIGN_STYLE = Automatic;
				CURRENT_PROJECT_VERSION = 1;
				DEVELOPMENT_TEAM = T89X3T8CX6;
				GENERATE_INFOPLIST_FILE = YES;
				MARKETING_VERSION = 1.0;
				PRODUCT_BUNDLE_IDENTIFIER = "-.VKAppUITests";
				PRODUCT_NAME = "$(TARGET_NAME)";
				SWIFT_EMIT_LOC_STRINGS = NO;
				SWIFT_VERSION = 5.0;
				TARGETED_DEVICE_FAMILY = "1,2";
				TEST_TARGET_NAME = VKApp;
			};
			name = Debug;
		};
		A516BC5E29104308008802FC /* Release */ = {
			isa = XCBuildConfiguration;
			buildSettings = {
				ALWAYS_EMBED_SWIFT_STANDARD_LIBRARIES = YES;
				CODE_SIGN_STYLE = Automatic;
				CURRENT_PROJECT_VERSION = 1;
				DEVELOPMENT_TEAM = T89X3T8CX6;
				GENERATE_INFOPLIST_FILE = YES;
				MARKETING_VERSION = 1.0;
				PRODUCT_BUNDLE_IDENTIFIER = "-.VKAppUITests";
				PRODUCT_NAME = "$(TARGET_NAME)";
				SWIFT_EMIT_LOC_STRINGS = NO;
				SWIFT_VERSION = 5.0;
				TARGETED_DEVICE_FAMILY = "1,2";
				TEST_TARGET_NAME = VKApp;
			};
			name = Release;
		};
/* End XCBuildConfiguration section */

/* Begin XCConfigurationList section */
		A516BC2729104307008802FC /* Build configuration list for PBXProject "VKApp" */ = {
			isa = XCConfigurationList;
			buildConfigurations = (
				A516BC5429104308008802FC /* Debug */,
				A516BC5529104308008802FC /* Release */,
			);
			defaultConfigurationIsVisible = 0;
			defaultConfigurationName = Release;
		};
		A516BC5629104308008802FC /* Build configuration list for PBXNativeTarget "VKApp" */ = {
			isa = XCConfigurationList;
			buildConfigurations = (
				A516BC5729104308008802FC /* Debug */,
				A516BC5829104308008802FC /* Release */,
			);
			defaultConfigurationIsVisible = 0;
			defaultConfigurationName = Release;
		};
		A516BC5929104308008802FC /* Build configuration list for PBXNativeTarget "VKAppTests" */ = {
			isa = XCConfigurationList;
			buildConfigurations = (
				A516BC5A29104308008802FC /* Debug */,
				A516BC5B29104308008802FC /* Release */,
			);
			defaultConfigurationIsVisible = 0;
			defaultConfigurationName = Release;
		};
		A516BC5C29104308008802FC /* Build configuration list for PBXNativeTarget "VKAppUITests" */ = {
			isa = XCConfigurationList;
			buildConfigurations = (
				A516BC5D29104308008802FC /* Debug */,
				A516BC5E29104308008802FC /* Release */,
			);
			defaultConfigurationIsVisible = 0;
			defaultConfigurationName = Release;
		};
/* End XCConfigurationList section */
	};
	rootObject = A516BC2429104307008802FC /* Project object */;
}
