// !$*UTF8*$!
{
	archiveVersion = 1;
	classes = {
	};
	objectVersion = 56;
	objects = {

/* Begin PBXBuildFile section */
		0219CAD86876C103F005DDAC /* Pods_VKApp.framework in Frameworks */ = {isa = PBXBuildFile; fileRef = A9A6818FC7695A7895719177 /* Pods_VKApp.framework */; };
		6B3A8C0507FF47255F1E9871 /* Pods_VKAppTests.framework in Frameworks */ = {isa = PBXBuildFile; fileRef = D96753DE49F4D66301BBCD07 /* Pods_VKAppTests.framework */; };
		A5056EA629129E4E0073D407 /* UIViewController+Extension.swift in Sources */ = {isa = PBXBuildFile; fileRef = A5056EA529129E4E0073D407 /* UIViewController+Extension.swift */; };
		A507CFED291A897A00076C3A /* SortFriendTableViewCell.swift in Sources */ = {isa = PBXBuildFile; fileRef = A507CFEC291A897A00076C3A /* SortFriendTableViewCell.swift */; };
		A507CFF3291AE50A00076C3A /* LoadingDotsView.swift in Sources */ = {isa = PBXBuildFile; fileRef = A507CFF2291AE50A00076C3A /* LoadingDotsView.swift */; };
		A50F15522919A3F10029C985 /* MainTableViewController.swift in Sources */ = {isa = PBXBuildFile; fileRef = A50F15512919A3F10029C985 /* MainTableViewController.swift */; };
		A50F15562919A5810029C985 /* Posts.swift in Sources */ = {isa = PBXBuildFile; fileRef = A50F15552919A5810029C985 /* Posts.swift */; };
		A516BC3029104307008802FC /* AppDelegate.swift in Sources */ = {isa = PBXBuildFile; fileRef = A516BC2F29104307008802FC /* AppDelegate.swift */; };
		A516BC3229104307008802FC /* SceneDelegate.swift in Sources */ = {isa = PBXBuildFile; fileRef = A516BC3129104307008802FC /* SceneDelegate.swift */; };
		A516BC3429104307008802FC /* LogInViewController.swift in Sources */ = {isa = PBXBuildFile; fileRef = A516BC3329104307008802FC /* LogInViewController.swift */; };
		A516BC3729104307008802FC /* Main.storyboard in Resources */ = {isa = PBXBuildFile; fileRef = A516BC3529104307008802FC /* Main.storyboard */; };
		A516BC3C29104308008802FC /* LaunchScreen.storyboard in Resources */ = {isa = PBXBuildFile; fileRef = A516BC3A29104308008802FC /* LaunchScreen.storyboard */; };
		A516BC4729104308008802FC /* VKAppTests.swift in Sources */ = {isa = PBXBuildFile; fileRef = A516BC4629104308008802FC /* VKAppTests.swift */; };
		A516BC5129104308008802FC /* VKAppUITests.swift in Sources */ = {isa = PBXBuildFile; fileRef = A516BC5029104308008802FC /* VKAppUITests.swift */; };
		A516BC5329104308008802FC /* VKAppUITestsLaunchTests.swift in Sources */ = {isa = PBXBuildFile; fileRef = A516BC5229104308008802FC /* VKAppUITestsLaunchTests.swift */; };
		A516BC9E29108929008802FC /* Assets.xcassets in Resources */ = {isa = PBXBuildFile; fileRef = A516BC9D29108929008802FC /* Assets.xcassets */; };
		A516BCA02910A2F0008802FC /* RegistrationViewController.swift in Sources */ = {isa = PBXBuildFile; fileRef = A516BC9F2910A2F0008802FC /* RegistrationViewController.swift */; };
		A5424094293E8F9E00E3EFF3 /* AuthorTableViewCell.swift in Sources */ = {isa = PBXBuildFile; fileRef = A5424093293E8F9E00E3EFF3 /* AuthorTableViewCell.swift */; };
		A5424096293E8FD500E3EFF3 /* PostTextTableViewCell.swift in Sources */ = {isa = PBXBuildFile; fileRef = A5424095293E8FD500E3EFF3 /* PostTextTableViewCell.swift */; };
		A5424098293E8FED00E3EFF3 /* PostPhotoTableViewCell.swift in Sources */ = {isa = PBXBuildFile; fileRef = A5424097293E8FED00E3EFF3 /* PostPhotoTableViewCell.swift */; };
		A5463A82292EFF0F00BBC5E0 /* Photo.swift in Sources */ = {isa = PBXBuildFile; fileRef = A5463A81292EFF0F00BBC5E0 /* Photo.swift */; };
		A5463A892933ABC500BBC5E0 /* UserResponse.swift in Sources */ = {isa = PBXBuildFile; fileRef = A5463A882933ABC500BBC5E0 /* UserResponse.swift */; };
		A5463A8B2933ABEB00BBC5E0 /* Item.swift in Sources */ = {isa = PBXBuildFile; fileRef = A5463A8A2933ABEB00BBC5E0 /* Item.swift */; };
		A5463A8D2933AC5700BBC5E0 /* PhotoResponse.swift in Sources */ = {isa = PBXBuildFile; fileRef = A5463A8C2933AC5700BBC5E0 /* PhotoResponse.swift */; };
		A5463A8F2933AC6C00BBC5E0 /* Size.swift in Sources */ = {isa = PBXBuildFile; fileRef = A5463A8E2933AC6C00BBC5E0 /* Size.swift */; };
		A5463A912933ACA400BBC5E0 /* GroupResponse.swift in Sources */ = {isa = PBXBuildFile; fileRef = A5463A902933ACA400BBC5E0 /* GroupResponse.swift */; };
		A5463A932933ACBC00BBC5E0 /* Items.swift in Sources */ = {isa = PBXBuildFile; fileRef = A5463A922933ACBC00BBC5E0 /* Items.swift */; };
		A566188729342EBE00B9A28F /* RealmService.swift in Sources */ = {isa = PBXBuildFile; fileRef = A566188629342EBE00B9A28F /* RealmService.swift */; };
		A56618892934376900B9A28F /* UIImageView+Extension.swift in Sources */ = {isa = PBXBuildFile; fileRef = A56618882934376900B9A28F /* UIImageView+Extension.swift */; };
		A56C0751293ECAAF00183AA9 /* LikesAndCommentsControl.swift in Sources */ = {isa = PBXBuildFile; fileRef = A56C0750293ECAAF00183AA9 /* LikesAndCommentsControl.swift */; };
		A56C0753293ECF0600183AA9 /* LikesTableViewCell.swift in Sources */ = {isa = PBXBuildFile; fileRef = A56C0752293ECF0600183AA9 /* LikesTableViewCell.swift */; };
		A577642E293F7C92000EB6F4 /* EmptyTableViewCell.swift in Sources */ = {isa = PBXBuildFile; fileRef = A577642D293F7C92000EB6F4 /* EmptyTableViewCell.swift */; };
		A57B1DF72919E64E004A5A9A /* SortFriendsTableViewController.swift in Sources */ = {isa = PBXBuildFile; fileRef = A57B1DF62919E64E004A5A9A /* SortFriendsTableViewController.swift */; };
		A59F0499292BF32900D57EFA /* SessionSingleton.swift in Sources */ = {isa = PBXBuildFile; fileRef = A59F0498292BF32900D57EFA /* SessionSingleton.swift */; };
		A5A35F5A291C5E29007704ED /* FriendsPhotosViewController.swift in Sources */ = {isa = PBXBuildFile; fileRef = A5A35F59291C5E29007704ED /* FriendsPhotosViewController.swift */; };
		A5B221252912BED9005363EE /* User.swift in Sources */ = {isa = PBXBuildFile; fileRef = A5B221242912BED9005363EE /* User.swift */; };
		A5B221272912C0B8005363EE /* FriendTableViewCell.swift in Sources */ = {isa = PBXBuildFile; fileRef = A5B221262912C0B8005363EE /* FriendTableViewCell.swift */; };
		A5B221292912CB50005363EE /* RecomendationsTableViewCell.swift in Sources */ = {isa = PBXBuildFile; fileRef = A5B221282912CB4F005363EE /* RecomendationsTableViewCell.swift */; };
		A5B2212D29130874005363EE /* PhotosCollectionViewCell.swift in Sources */ = {isa = PBXBuildFile; fileRef = A5B2212C29130874005363EE /* PhotosCollectionViewCell.swift */; };
		A5B2212F291339D0005363EE /* GroupTableViewCell.swift in Sources */ = {isa = PBXBuildFile; fileRef = A5B2212E291339D0005363EE /* GroupTableViewCell.swift */; };
		A5B221332913407D005363EE /* GlobalGroupsTableViewCell.swift in Sources */ = {isa = PBXBuildFile; fileRef = A5B221322913407D005363EE /* GlobalGroupsTableViewCell.swift */; };
		A5B2213929146CC5005363EE /* PhotoView.swift in Sources */ = {isa = PBXBuildFile; fileRef = A5B2213829146CC5005363EE /* PhotoView.swift */; };
		A5B2213B291475B2005363EE /* LikesControl.swift in Sources */ = {isa = PBXBuildFile; fileRef = A5B2213A291475B2005363EE /* LikesControl.swift */; };
		A5B2213D2915AA74005363EE /* Group.swift in Sources */ = {isa = PBXBuildFile; fileRef = A5B2213C2915AA74005363EE /* Group.swift */; };
		A5B2213F29185896005363EE /* UITableViewController+Extension.swift in Sources */ = {isa = PBXBuildFile; fileRef = A5B2213E29185896005363EE /* UITableViewController+Extension.swift */; };
		A5D9872F292D6A3800327582 /* VKWebViewController.swift in Sources */ = {isa = PBXBuildFile; fileRef = A5D9872E292D6A3800327582 /* VKWebViewController.swift */; };
		A5D98731292D79F700327582 /* NetworkService.swift in Sources */ = {isa = PBXBuildFile; fileRef = A5D98730292D79F700327582 /* NetworkService.swift */; };
		A5F3D66B2911C8C6004EB22A /* FriendsTableViewController.swift in Sources */ = {isa = PBXBuildFile; fileRef = A5F3D66A2911C8C6004EB22A /* FriendsTableViewController.swift */; };
		A5F3D66F2911C926004EB22A /* PhotosCollectionViewController.swift in Sources */ = {isa = PBXBuildFile; fileRef = A5F3D66E2911C926004EB22A /* PhotosCollectionViewController.swift */; };
		A5F3D6712911C961004EB22A /* UserGroupsTableViewController.swift in Sources */ = {isa = PBXBuildFile; fileRef = A5F3D6702911C961004EB22A /* UserGroupsTableViewController.swift */; };
		A5F3D6732911C97B004EB22A /* GlobalSearchTableViewController.swift in Sources */ = {isa = PBXBuildFile; fileRef = A5F3D6722911C97B004EB22A /* GlobalSearchTableViewController.swift */; };
		A5F7D37E291D9A1C00FD3A10 /* CustomPopAnimation.swift in Sources */ = {isa = PBXBuildFile; fileRef = A5F7D37D291D9A1C00FD3A10 /* CustomPopAnimation.swift */; };
		A5F7D380291DA29000FD3A10 /* CustomInteractiveTransition.swift in Sources */ = {isa = PBXBuildFile; fileRef = A5F7D37F291DA29000FD3A10 /* CustomInteractiveTransition.swift */; };
		A5FA31AB291C7C53008CE86C /* SortedFriendsPhotosViewController.swift in Sources */ = {isa = PBXBuildFile; fileRef = A5FA31AA291C7C53008CE86C /* SortedFriendsPhotosViewController.swift */; };
		A5FA31B3291D83D6008CE86C /* CustomNavigationController.swift in Sources */ = {isa = PBXBuildFile; fileRef = A5FA31B2291D83D6008CE86C /* CustomNavigationController.swift */; };
		A5FA31B5291D8566008CE86C /* CustomPushAnimation.swift in Sources */ = {isa = PBXBuildFile; fileRef = A5FA31B4291D8566008CE86C /* CustomPushAnimation.swift */; };
		FC126BA84192DFBD3E677B02 /* Pods_VKApp_VKAppUITests.framework in Frameworks */ = {isa = PBXBuildFile; fileRef = CD607045ADD05095DFB8F2EC /* Pods_VKApp_VKAppUITests.framework */; };
/* End PBXBuildFile section */

/* Begin PBXContainerItemProxy section */
		A516BC4329104308008802FC /* PBXContainerItemProxy */ = {
			isa = PBXContainerItemProxy;
			containerPortal = A516BC2429104307008802FC /* Project object */;
			proxyType = 1;
			remoteGlobalIDString = A516BC2B29104307008802FC;
			remoteInfo = VKApp;
		};
		A516BC4D29104308008802FC /* PBXContainerItemProxy */ = {
			isa = PBXContainerItemProxy;
			containerPortal = A516BC2429104307008802FC /* Project object */;
			proxyType = 1;
			remoteGlobalIDString = A516BC2B29104307008802FC;
			remoteInfo = VKApp;
		};
/* End PBXContainerItemProxy section */

/* Begin PBXFileReference section */
		23BAC65D9B8F1F142C54B1B5 /* Pods-VKAppTests.debug.xcconfig */ = {isa = PBXFileReference; includeInIndex = 1; lastKnownFileType = text.xcconfig; name = "Pods-VKAppTests.debug.xcconfig"; path = "Target Support Files/Pods-VKAppTests/Pods-VKAppTests.debug.xcconfig"; sourceTree = "<group>"; };
		26856F023EB3B34314621900 /* Pods-VKApp.release.xcconfig */ = {isa = PBXFileReference; includeInIndex = 1; lastKnownFileType = text.xcconfig; name = "Pods-VKApp.release.xcconfig"; path = "Target Support Files/Pods-VKApp/Pods-VKApp.release.xcconfig"; sourceTree = "<group>"; };
		47DDCEF58412313CB66DF8EA /* Pods-VKApp.debug.xcconfig */ = {isa = PBXFileReference; includeInIndex = 1; lastKnownFileType = text.xcconfig; name = "Pods-VKApp.debug.xcconfig"; path = "Target Support Files/Pods-VKApp/Pods-VKApp.debug.xcconfig"; sourceTree = "<group>"; };
		5F8326F433AF7B8DE5B975D2 /* Pods-VKApp-VKAppUITests.debug.xcconfig */ = {isa = PBXFileReference; includeInIndex = 1; lastKnownFileType = text.xcconfig; name = "Pods-VKApp-VKAppUITests.debug.xcconfig"; path = "Target Support Files/Pods-VKApp-VKAppUITests/Pods-VKApp-VKAppUITests.debug.xcconfig"; sourceTree = "<group>"; };
		A5056EA529129E4E0073D407 /* UIViewController+Extension.swift */ = {isa = PBXFileReference; lastKnownFileType = sourcecode.swift; path = "UIViewController+Extension.swift"; sourceTree = "<group>"; };
		A507CFEC291A897A00076C3A /* SortFriendTableViewCell.swift */ = {isa = PBXFileReference; lastKnownFileType = sourcecode.swift; path = SortFriendTableViewCell.swift; sourceTree = "<group>"; };
		A507CFF2291AE50A00076C3A /* LoadingDotsView.swift */ = {isa = PBXFileReference; lastKnownFileType = sourcecode.swift; path = LoadingDotsView.swift; sourceTree = "<group>"; };
		A50F15512919A3F10029C985 /* MainTableViewController.swift */ = {isa = PBXFileReference; lastKnownFileType = sourcecode.swift; path = MainTableViewController.swift; sourceTree = "<group>"; };
		A50F15552919A5810029C985 /* Posts.swift */ = {isa = PBXFileReference; lastKnownFileType = sourcecode.swift; path = Posts.swift; sourceTree = "<group>"; };
		A516BC2C29104307008802FC /* VKApp.app */ = {isa = PBXFileReference; explicitFileType = wrapper.application; includeInIndex = 0; path = VKApp.app; sourceTree = BUILT_PRODUCTS_DIR; };
		A516BC2F29104307008802FC /* AppDelegate.swift */ = {isa = PBXFileReference; lastKnownFileType = sourcecode.swift; path = AppDelegate.swift; sourceTree = "<group>"; };
		A516BC3129104307008802FC /* SceneDelegate.swift */ = {isa = PBXFileReference; lastKnownFileType = sourcecode.swift; path = SceneDelegate.swift; sourceTree = "<group>"; };
		A516BC3329104307008802FC /* LogInViewController.swift */ = {isa = PBXFileReference; lastKnownFileType = sourcecode.swift; path = LogInViewController.swift; sourceTree = "<group>"; };
		A516BC3629104307008802FC /* Base */ = {isa = PBXFileReference; lastKnownFileType = file.storyboard; name = Base; path = Base.lproj/Main.storyboard; sourceTree = "<group>"; };
		A516BC3B29104308008802FC /* Base */ = {isa = PBXFileReference; lastKnownFileType = file.storyboard; name = Base; path = Base.lproj/LaunchScreen.storyboard; sourceTree = "<group>"; };
		A516BC3D29104308008802FC /* Info.plist */ = {isa = PBXFileReference; lastKnownFileType = text.plist.xml; path = Info.plist; sourceTree = "<group>"; };
		A516BC4229104308008802FC /* VKAppTests.xctest */ = {isa = PBXFileReference; explicitFileType = wrapper.cfbundle; includeInIndex = 0; path = VKAppTests.xctest; sourceTree = BUILT_PRODUCTS_DIR; };
		A516BC4629104308008802FC /* VKAppTests.swift */ = {isa = PBXFileReference; lastKnownFileType = sourcecode.swift; path = VKAppTests.swift; sourceTree = "<group>"; };
		A516BC4C29104308008802FC /* VKAppUITests.xctest */ = {isa = PBXFileReference; explicitFileType = wrapper.cfbundle; includeInIndex = 0; path = VKAppUITests.xctest; sourceTree = BUILT_PRODUCTS_DIR; };
		A516BC5029104308008802FC /* VKAppUITests.swift */ = {isa = PBXFileReference; lastKnownFileType = sourcecode.swift; path = VKAppUITests.swift; sourceTree = "<group>"; };
		A516BC5229104308008802FC /* VKAppUITestsLaunchTests.swift */ = {isa = PBXFileReference; lastKnownFileType = sourcecode.swift; path = VKAppUITestsLaunchTests.swift; sourceTree = "<group>"; };
		A516BC9D29108929008802FC /* Assets.xcassets */ = {isa = PBXFileReference; lastKnownFileType = folder.assetcatalog; path = Assets.xcassets; sourceTree = "<group>"; };
		A516BC9F2910A2F0008802FC /* RegistrationViewController.swift */ = {isa = PBXFileReference; lastKnownFileType = sourcecode.swift; path = RegistrationViewController.swift; sourceTree = "<group>"; };
		A5424093293E8F9E00E3EFF3 /* AuthorTableViewCell.swift */ = {isa = PBXFileReference; lastKnownFileType = sourcecode.swift; path = AuthorTableViewCell.swift; sourceTree = "<group>"; };
		A5424095293E8FD500E3EFF3 /* PostTextTableViewCell.swift */ = {isa = PBXFileReference; lastKnownFileType = sourcecode.swift; path = PostTextTableViewCell.swift; sourceTree = "<group>"; };
		A5424097293E8FED00E3EFF3 /* PostPhotoTableViewCell.swift */ = {isa = PBXFileReference; lastKnownFileType = sourcecode.swift; path = PostPhotoTableViewCell.swift; sourceTree = "<group>"; };
		A5463A81292EFF0F00BBC5E0 /* Photo.swift */ = {isa = PBXFileReference; lastKnownFileType = sourcecode.swift; path = Photo.swift; sourceTree = "<group>"; };
		A5463A882933ABC500BBC5E0 /* UserResponse.swift */ = {isa = PBXFileReference; lastKnownFileType = sourcecode.swift; path = UserResponse.swift; sourceTree = "<group>"; };
		A5463A8A2933ABEB00BBC5E0 /* Item.swift */ = {isa = PBXFileReference; lastKnownFileType = sourcecode.swift; path = Item.swift; sourceTree = "<group>"; };
		A5463A8C2933AC5700BBC5E0 /* PhotoResponse.swift */ = {isa = PBXFileReference; lastKnownFileType = sourcecode.swift; path = PhotoResponse.swift; sourceTree = "<group>"; };
		A5463A8E2933AC6C00BBC5E0 /* Size.swift */ = {isa = PBXFileReference; lastKnownFileType = sourcecode.swift; path = Size.swift; sourceTree = "<group>"; };
		A5463A902933ACA400BBC5E0 /* GroupResponse.swift */ = {isa = PBXFileReference; lastKnownFileType = sourcecode.swift; path = GroupResponse.swift; sourceTree = "<group>"; };
		A5463A922933ACBC00BBC5E0 /* Items.swift */ = {isa = PBXFileReference; lastKnownFileType = sourcecode.swift; path = Items.swift; sourceTree = "<group>"; };
		A566188629342EBE00B9A28F /* RealmService.swift */ = {isa = PBXFileReference; lastKnownFileType = sourcecode.swift; path = RealmService.swift; sourceTree = "<group>"; };
		A56618882934376900B9A28F /* UIImageView+Extension.swift */ = {isa = PBXFileReference; lastKnownFileType = sourcecode.swift; path = "UIImageView+Extension.swift"; sourceTree = "<group>"; };
		A56C0750293ECAAF00183AA9 /* LikesAndCommentsControl.swift */ = {isa = PBXFileReference; lastKnownFileType = sourcecode.swift; path = LikesAndCommentsControl.swift; sourceTree = "<group>"; };
		A56C0752293ECF0600183AA9 /* LikesTableViewCell.swift */ = {isa = PBXFileReference; lastKnownFileType = sourcecode.swift; path = LikesTableViewCell.swift; sourceTree = "<group>"; };
		A577642D293F7C92000EB6F4 /* EmptyTableViewCell.swift */ = {isa = PBXFileReference; lastKnownFileType = sourcecode.swift; path = EmptyTableViewCell.swift; sourceTree = "<group>"; };
		A57B1DF62919E64E004A5A9A /* SortFriendsTableViewController.swift */ = {isa = PBXFileReference; lastKnownFileType = sourcecode.swift; path = SortFriendsTableViewController.swift; sourceTree = "<group>"; };
		A59F0498292BF32900D57EFA /* SessionSingleton.swift */ = {isa = PBXFileReference; lastKnownFileType = sourcecode.swift; path = SessionSingleton.swift; sourceTree = "<group>"; };
		A5A35F59291C5E29007704ED /* FriendsPhotosViewController.swift */ = {isa = PBXFileReference; lastKnownFileType = sourcecode.swift; path = FriendsPhotosViewController.swift; sourceTree = "<group>"; };
		A5B221242912BED9005363EE /* User.swift */ = {isa = PBXFileReference; lastKnownFileType = sourcecode.swift; path = User.swift; sourceTree = "<group>"; };
		A5B221262912C0B8005363EE /* FriendTableViewCell.swift */ = {isa = PBXFileReference; lastKnownFileType = sourcecode.swift; path = FriendTableViewCell.swift; sourceTree = "<group>"; };
		A5B221282912CB4F005363EE /* RecomendationsTableViewCell.swift */ = {isa = PBXFileReference; lastKnownFileType = sourcecode.swift; path = RecomendationsTableViewCell.swift; sourceTree = "<group>"; };
		A5B2212C29130874005363EE /* PhotosCollectionViewCell.swift */ = {isa = PBXFileReference; lastKnownFileType = sourcecode.swift; path = PhotosCollectionViewCell.swift; sourceTree = "<group>"; };
		A5B2212E291339D0005363EE /* GroupTableViewCell.swift */ = {isa = PBXFileReference; lastKnownFileType = sourcecode.swift; path = GroupTableViewCell.swift; sourceTree = "<group>"; };
		A5B221322913407D005363EE /* GlobalGroupsTableViewCell.swift */ = {isa = PBXFileReference; lastKnownFileType = sourcecode.swift; path = GlobalGroupsTableViewCell.swift; sourceTree = "<group>"; };
		A5B2213829146CC5005363EE /* PhotoView.swift */ = {isa = PBXFileReference; lastKnownFileType = sourcecode.swift; path = PhotoView.swift; sourceTree = "<group>"; };
		A5B2213A291475B2005363EE /* LikesControl.swift */ = {isa = PBXFileReference; lastKnownFileType = sourcecode.swift; path = LikesControl.swift; sourceTree = "<group>"; };
		A5B2213C2915AA74005363EE /* Group.swift */ = {isa = PBXFileReference; lastKnownFileType = sourcecode.swift; path = Group.swift; sourceTree = "<group>"; };
		A5B2213E29185896005363EE /* UITableViewController+Extension.swift */ = {isa = PBXFileReference; lastKnownFileType = sourcecode.swift; path = "UITableViewController+Extension.swift"; sourceTree = "<group>"; };
		A5D9872E292D6A3800327582 /* VKWebViewController.swift */ = {isa = PBXFileReference; lastKnownFileType = sourcecode.swift; path = VKWebViewController.swift; sourceTree = "<group>"; };
		A5D98730292D79F700327582 /* NetworkService.swift */ = {isa = PBXFileReference; lastKnownFileType = sourcecode.swift; path = NetworkService.swift; sourceTree = "<group>"; };
		A5F3D66A2911C8C6004EB22A /* FriendsTableViewController.swift */ = {isa = PBXFileReference; lastKnownFileType = sourcecode.swift; path = FriendsTableViewController.swift; sourceTree = "<group>"; };
		A5F3D66E2911C926004EB22A /* PhotosCollectionViewController.swift */ = {isa = PBXFileReference; lastKnownFileType = sourcecode.swift; path = PhotosCollectionViewController.swift; sourceTree = "<group>"; };
		A5F3D6702911C961004EB22A /* UserGroupsTableViewController.swift */ = {isa = PBXFileReference; lastKnownFileType = sourcecode.swift; path = UserGroupsTableViewController.swift; sourceTree = "<group>"; };
		A5F3D6722911C97B004EB22A /* GlobalSearchTableViewController.swift */ = {isa = PBXFileReference; lastKnownFileType = sourcecode.swift; path = GlobalSearchTableViewController.swift; sourceTree = "<group>"; };
		A5F7D37D291D9A1C00FD3A10 /* CustomPopAnimation.swift */ = {isa = PBXFileReference; lastKnownFileType = sourcecode.swift; path = CustomPopAnimation.swift; sourceTree = "<group>"; };
		A5F7D37F291DA29000FD3A10 /* CustomInteractiveTransition.swift */ = {isa = PBXFileReference; lastKnownFileType = sourcecode.swift; path = CustomInteractiveTransition.swift; sourceTree = "<group>"; };
		A5FA31AA291C7C53008CE86C /* SortedFriendsPhotosViewController.swift */ = {isa = PBXFileReference; lastKnownFileType = sourcecode.swift; path = SortedFriendsPhotosViewController.swift; sourceTree = "<group>"; };
		A5FA31B2291D83D6008CE86C /* CustomNavigationController.swift */ = {isa = PBXFileReference; lastKnownFileType = sourcecode.swift; name = CustomNavigationController.swift; path = VKApp/CustomSegues/CustomNavigationController.swift; sourceTree = SOURCE_ROOT; };
		A5FA31B4291D8566008CE86C /* CustomPushAnimation.swift */ = {isa = PBXFileReference; lastKnownFileType = sourcecode.swift; path = CustomPushAnimation.swift; sourceTree = "<group>"; };
		A9A6818FC7695A7895719177 /* Pods_VKApp.framework */ = {isa = PBXFileReference; explicitFileType = wrapper.framework; includeInIndex = 0; path = Pods_VKApp.framework; sourceTree = BUILT_PRODUCTS_DIR; };
		AB07223CFB5DA8AC1357A874 /* Pods-VKApp-VKAppUITests.release.xcconfig */ = {isa = PBXFileReference; includeInIndex = 1; lastKnownFileType = text.xcconfig; name = "Pods-VKApp-VKAppUITests.release.xcconfig"; path = "Target Support Files/Pods-VKApp-VKAppUITests/Pods-VKApp-VKAppUITests.release.xcconfig"; sourceTree = "<group>"; };
		CD607045ADD05095DFB8F2EC /* Pods_VKApp_VKAppUITests.framework */ = {isa = PBXFileReference; explicitFileType = wrapper.framework; includeInIndex = 0; path = Pods_VKApp_VKAppUITests.framework; sourceTree = BUILT_PRODUCTS_DIR; };
		D96753DE49F4D66301BBCD07 /* Pods_VKAppTests.framework */ = {isa = PBXFileReference; explicitFileType = wrapper.framework; includeInIndex = 0; path = Pods_VKAppTests.framework; sourceTree = BUILT_PRODUCTS_DIR; };
		E5F5AAF6843B36654614F486 /* Pods-VKAppTests.release.xcconfig */ = {isa = PBXFileReference; includeInIndex = 1; lastKnownFileType = text.xcconfig; name = "Pods-VKAppTests.release.xcconfig"; path = "Target Support Files/Pods-VKAppTests/Pods-VKAppTests.release.xcconfig"; sourceTree = "<group>"; };
/* End PBXFileReference section */

/* Begin PBXFrameworksBuildPhase section */
		A516BC2929104307008802FC /* Frameworks */ = {
			isa = PBXFrameworksBuildPhase;
			buildActionMask = 2147483647;
			files = (
				0219CAD86876C103F005DDAC /* Pods_VKApp.framework in Frameworks */,
			);
			runOnlyForDeploymentPostprocessing = 0;
		};
		A516BC3F29104308008802FC /* Frameworks */ = {
			isa = PBXFrameworksBuildPhase;
			buildActionMask = 2147483647;
			files = (
				6B3A8C0507FF47255F1E9871 /* Pods_VKAppTests.framework in Frameworks */,
			);
			runOnlyForDeploymentPostprocessing = 0;
		};
		A516BC4929104308008802FC /* Frameworks */ = {
			isa = PBXFrameworksBuildPhase;
			buildActionMask = 2147483647;
			files = (
				FC126BA84192DFBD3E677B02 /* Pods_VKApp_VKAppUITests.framework in Frameworks */,
			);
			runOnlyForDeploymentPostprocessing = 0;
		};
/* End PBXFrameworksBuildPhase section */

/* Begin PBXGroup section */
		A0B5637F370C62513E080AD3 /* Pods */ = {
			isa = PBXGroup;
			children = (
				47DDCEF58412313CB66DF8EA /* Pods-VKApp.debug.xcconfig */,
				26856F023EB3B34314621900 /* Pods-VKApp.release.xcconfig */,
				5F8326F433AF7B8DE5B975D2 /* Pods-VKApp-VKAppUITests.debug.xcconfig */,
				AB07223CFB5DA8AC1357A874 /* Pods-VKApp-VKAppUITests.release.xcconfig */,
				23BAC65D9B8F1F142C54B1B5 /* Pods-VKAppTests.debug.xcconfig */,
				E5F5AAF6843B36654614F486 /* Pods-VKAppTests.release.xcconfig */,
			);
			path = Pods;
			sourceTree = "<group>";
		};
		A50F154F2919A36D0029C985 /* Thrird */ = {
			isa = PBXGroup;
			children = (
				A50F15512919A3F10029C985 /* MainTableViewController.swift */,
				A5424093293E8F9E00E3EFF3 /* AuthorTableViewCell.swift */,
				A5424095293E8FD500E3EFF3 /* PostTextTableViewCell.swift */,
				A5424097293E8FED00E3EFF3 /* PostPhotoTableViewCell.swift */,
				A56C0752293ECF0600183AA9 /* LikesTableViewCell.swift */,
				A577642D293F7C92000EB6F4 /* EmptyTableViewCell.swift */,
				A56C0750293ECAAF00183AA9 /* LikesAndCommentsControl.swift */,
			);
			path = Thrird;
			sourceTree = "<group>";
		};
		A50F15502919A3B60029C985 /* Models */ = {
			isa = PBXGroup;
			children = (
				A5463A872933AB8300BBC5E0 /* Group */,
				A5463A862933AB7D00BBC5E0 /* Photo */,
				A5463A852933AB7700BBC5E0 /* User */,
				A50F15552919A5810029C985 /* Posts.swift */,
			);
			path = Models;
			sourceTree = "<group>";
		};
		A516BC2329104307008802FC = {
			isa = PBXGroup;
			children = (
				A516BC2E29104307008802FC /* VKApp */,
				A516BC4529104308008802FC /* VKAppTests */,
				A516BC4F29104308008802FC /* VKAppUITests */,
				A516BC2D29104307008802FC /* Products */,
				A0B5637F370C62513E080AD3 /* Pods */,
				C9566C1EB56350667F9635B2 /* Frameworks */,
			);
			sourceTree = "<group>";
		};
		A516BC2D29104307008802FC /* Products */ = {
			isa = PBXGroup;
			children = (
				A516BC2C29104307008802FC /* VKApp.app */,
				A516BC4229104308008802FC /* VKAppTests.xctest */,
				A516BC4C29104308008802FC /* VKAppUITests.xctest */,
			);
			name = Products;
			sourceTree = "<group>";
		};
		A516BC2E29104307008802FC /* VKApp */ = {
			isa = PBXGroup;
			children = (
				A516BC2F29104307008802FC /* AppDelegate.swift */,
				A516BC3129104307008802FC /* SceneDelegate.swift */,
				A5F3D66D2911C8F0004EB22A /* TabBar */,
				A5F3D66C2911C8DC004EB22A /* LogIn */,
				A50F15502919A3B60029C985 /* Models */,
				A5FA31B0291D8269008CE86C /* CustomSegues */,
				A5FA31B1291D82BE008CE86C /* Extensions */,
				A592368F2936B8E600B49785 /* Services */,
				A59F0498292BF32900D57EFA /* SessionSingleton.swift */,
				A516BC3529104307008802FC /* Main.storyboard */,
				A516BC3A29104308008802FC /* LaunchScreen.storyboard */,
				A516BC9D29108929008802FC /* Assets.xcassets */,
				A516BC3D29104308008802FC /* Info.plist */,
			);
			path = VKApp;
			sourceTree = "<group>";
		};
		A516BC4529104308008802FC /* VKAppTests */ = {
			isa = PBXGroup;
			children = (
				A516BC4629104308008802FC /* VKAppTests.swift */,
			);
			path = VKAppTests;
			sourceTree = "<group>";
		};
		A516BC4F29104308008802FC /* VKAppUITests */ = {
			isa = PBXGroup;
			children = (
				A516BC5029104308008802FC /* VKAppUITests.swift */,
				A516BC5229104308008802FC /* VKAppUITestsLaunchTests.swift */,
			);
			path = VKAppUITests;
			sourceTree = "<group>";
		};
		A5463A852933AB7700BBC5E0 /* User */ = {
			isa = PBXGroup;
			children = (
				A5B221242912BED9005363EE /* User.swift */,
				A5463A882933ABC500BBC5E0 /* UserResponse.swift */,
				A5463A8A2933ABEB00BBC5E0 /* Item.swift */,
			);
			path = User;
			sourceTree = "<group>";
		};
		A5463A862933AB7D00BBC5E0 /* Photo */ = {
			isa = PBXGroup;
			children = (
				A5463A81292EFF0F00BBC5E0 /* Photo.swift */,
				A5463A8C2933AC5700BBC5E0 /* PhotoResponse.swift */,
				A5463A8E2933AC6C00BBC5E0 /* Size.swift */,
			);
			path = Photo;
			sourceTree = "<group>";
		};
		A5463A872933AB8300BBC5E0 /* Group */ = {
			isa = PBXGroup;
			children = (
				A5B2213C2915AA74005363EE /* Group.swift */,
				A5463A902933ACA400BBC5E0 /* GroupResponse.swift */,
				A5463A922933ACBC00BBC5E0 /* Items.swift */,
			);
			path = Group;
			sourceTree = "<group>";
		};
		A592368F2936B8E600B49785 /* Services */ = {
			isa = PBXGroup;
			children = (
				A5D98730292D79F700327582 /* NetworkService.swift */,
				A566188629342EBE00B9A28F /* RealmService.swift */,
			);
			path = Services;
			sourceTree = "<group>";
		};
		A5B22130291339EF005363EE /* First */ = {
			isa = PBXGroup;
			children = (
				A5F3D66A2911C8C6004EB22A /* FriendsTableViewController.swift */,
				A57B1DF62919E64E004A5A9A /* SortFriendsTableViewController.swift */,
				A5FA31AA291C7C53008CE86C /* SortedFriendsPhotosViewController.swift */,
				A507CFEC291A897A00076C3A /* SortFriendTableViewCell.swift */,
				A5B221282912CB4F005363EE /* RecomendationsTableViewCell.swift */,
				A5B221262912C0B8005363EE /* FriendTableViewCell.swift */,
				A5F3D66E2911C926004EB22A /* PhotosCollectionViewController.swift */,
				A5B2212C29130874005363EE /* PhotosCollectionViewCell.swift */,
				A5A35F59291C5E29007704ED /* FriendsPhotosViewController.swift */,
			);
			path = First;
			sourceTree = "<group>";
		};
		A5B2213129133A03005363EE /* Second */ = {
			isa = PBXGroup;
			children = (
				A5F3D6722911C97B004EB22A /* GlobalSearchTableViewController.swift */,
				A5F3D6702911C961004EB22A /* UserGroupsTableViewController.swift */,
				A5B2212E291339D0005363EE /* GroupTableViewCell.swift */,
				A5B221322913407D005363EE /* GlobalGroupsTableViewCell.swift */,
				A5B2213829146CC5005363EE /* PhotoView.swift */,
				A5B2213A291475B2005363EE /* LikesControl.swift */,
			);
			path = Second;
			sourceTree = "<group>";
		};
		A5F3D66C2911C8DC004EB22A /* LogIn */ = {
			isa = PBXGroup;
			children = (
				A516BC9F2910A2F0008802FC /* RegistrationViewController.swift */,
				A516BC3329104307008802FC /* LogInViewController.swift */,
				A507CFF2291AE50A00076C3A /* LoadingDotsView.swift */,
				A5D9872E292D6A3800327582 /* VKWebViewController.swift */,
			);
			path = LogIn;
			sourceTree = "<group>";
		};
		A5F3D66D2911C8F0004EB22A /* TabBar */ = {
			isa = PBXGroup;
			children = (
				A5B22130291339EF005363EE /* First */,
				A5B2213129133A03005363EE /* Second */,
				A50F154F2919A36D0029C985 /* Thrird */,
			);
			path = TabBar;
			sourceTree = "<group>";
		};
		A5FA31B0291D8269008CE86C /* CustomSegues */ = {
			isa = PBXGroup;
			children = (
				A5FA31B2291D83D6008CE86C /* CustomNavigationController.swift */,
				A5FA31B4291D8566008CE86C /* CustomPushAnimation.swift */,
				A5F7D37D291D9A1C00FD3A10 /* CustomPopAnimation.swift */,
				A5F7D37F291DA29000FD3A10 /* CustomInteractiveTransition.swift */,
			);
			path = CustomSegues;
			sourceTree = "<group>";
		};
		A5FA31B1291D82BE008CE86C /* Extensions */ = {
			isa = PBXGroup;
			children = (
				A5B2213E29185896005363EE /* UITableViewController+Extension.swift */,
				A5056EA529129E4E0073D407 /* UIViewController+Extension.swift */,
				A56618882934376900B9A28F /* UIImageView+Extension.swift */,
			);
			path = Extensions;
			sourceTree = "<group>";
		};
		C9566C1EB56350667F9635B2 /* Frameworks */ = {
			isa = PBXGroup;
			children = (
				A9A6818FC7695A7895719177 /* Pods_VKApp.framework */,
				CD607045ADD05095DFB8F2EC /* Pods_VKApp_VKAppUITests.framework */,
				D96753DE49F4D66301BBCD07 /* Pods_VKAppTests.framework */,
			);
			name = Frameworks;
			sourceTree = "<group>";
		};
/* End PBXGroup section */

/* Begin PBXNativeTarget section */
		A516BC2B29104307008802FC /* VKApp */ = {
			isa = PBXNativeTarget;
			buildConfigurationList = A516BC5629104308008802FC /* Build configuration list for PBXNativeTarget "VKApp" */;
			buildPhases = (
				263BE30CF8822B0651BD530D /* [CP] Check Pods Manifest.lock */,
				A516BC602910432E008802FC /* SwiftFormat */,
				A516BC5F2910431C008802FC /* SwiftLint */,
				A516BC2829104307008802FC /* Sources */,
				A516BC2929104307008802FC /* Frameworks */,
				A516BC2A29104307008802FC /* Resources */,
				746D19A8723C0D48EB1E14C6 /* [CP] Embed Pods Frameworks */,
			);
			buildRules = (
			);
			dependencies = (
			);
			name = VKApp;
			productName = VKApp;
			productReference = A516BC2C29104307008802FC /* VKApp.app */;
			productType = "com.apple.product-type.application";
		};
		A516BC4129104308008802FC /* VKAppTests */ = {
			isa = PBXNativeTarget;
			buildConfigurationList = A516BC5929104308008802FC /* Build configuration list for PBXNativeTarget "VKAppTests" */;
			buildPhases = (
				7FF02F4D7E3599C69655F74C /* [CP] Check Pods Manifest.lock */,
				A516BC3E29104308008802FC /* Sources */,
				A516BC3F29104308008802FC /* Frameworks */,
				A516BC4029104308008802FC /* Resources */,
			);
			buildRules = (
			);
			dependencies = (
				A516BC4429104308008802FC /* PBXTargetDependency */,
			);
			name = VKAppTests;
			productName = VKAppTests;
			productReference = A516BC4229104308008802FC /* VKAppTests.xctest */;
			productType = "com.apple.product-type.bundle.unit-test";
		};
		A516BC4B29104308008802FC /* VKAppUITests */ = {
			isa = PBXNativeTarget;
			buildConfigurationList = A516BC5C29104308008802FC /* Build configuration list for PBXNativeTarget "VKAppUITests" */;
			buildPhases = (
				C3474D16395131C4CCEDEF29 /* [CP] Check Pods Manifest.lock */,
				A516BC4829104308008802FC /* Sources */,
				A516BC4929104308008802FC /* Frameworks */,
				A516BC4A29104308008802FC /* Resources */,
				656C7FD43039C7101E59EF91 /* [CP] Embed Pods Frameworks */,
			);
			buildRules = (
			);
			dependencies = (
				A516BC4E29104308008802FC /* PBXTargetDependency */,
			);
			name = VKAppUITests;
			productName = VKAppUITests;
			productReference = A516BC4C29104308008802FC /* VKAppUITests.xctest */;
			productType = "com.apple.product-type.bundle.ui-testing";
		};
/* End PBXNativeTarget section */

/* Begin PBXProject section */
		A516BC2429104307008802FC /* Project object */ = {
			isa = PBXProject;
			attributes = {
				BuildIndependentTargetsInParallel = 1;
				LastSwiftUpdateCheck = 1400;
				LastUpgradeCheck = 1400;
				TargetAttributes = {
					A516BC2B29104307008802FC = {
						CreatedOnToolsVersion = 14.0.1;
					};
					A516BC4129104308008802FC = {
						CreatedOnToolsVersion = 14.0.1;
						TestTargetID = A516BC2B29104307008802FC;
					};
					A516BC4B29104308008802FC = {
						CreatedOnToolsVersion = 14.0.1;
						TestTargetID = A516BC2B29104307008802FC;
					};
				};
			};
			buildConfigurationList = A516BC2729104307008802FC /* Build configuration list for PBXProject "VKApp" */;
			compatibilityVersion = "Xcode 14.0";
			developmentRegion = en;
			hasScannedForEncodings = 0;
			knownRegions = (
				en,
				Base,
			);
			mainGroup = A516BC2329104307008802FC;
			productRefGroup = A516BC2D29104307008802FC /* Products */;
			projectDirPath = "";
			projectRoot = "";
			targets = (
				A516BC2B29104307008802FC /* VKApp */,
				A516BC4129104308008802FC /* VKAppTests */,
				A516BC4B29104308008802FC /* VKAppUITests */,
			);
		};
/* End PBXProject section */

/* Begin PBXResourcesBuildPhase section */
		A516BC2A29104307008802FC /* Resources */ = {
			isa = PBXResourcesBuildPhase;
			buildActionMask = 2147483647;
			files = (
				A516BC3C29104308008802FC /* LaunchScreen.storyboard in Resources */,
				A516BC9E29108929008802FC /* Assets.xcassets in Resources */,
				A516BC3729104307008802FC /* Main.storyboard in Resources */,
			);
			runOnlyForDeploymentPostprocessing = 0;
		};
		A516BC4029104308008802FC /* Resources */ = {
			isa = PBXResourcesBuildPhase;
			buildActionMask = 2147483647;
			files = (
			);
			runOnlyForDeploymentPostprocessing = 0;
		};
		A516BC4A29104308008802FC /* Resources */ = {
			isa = PBXResourcesBuildPhase;
			buildActionMask = 2147483647;
			files = (
			);
			runOnlyForDeploymentPostprocessing = 0;
		};
/* End PBXResourcesBuildPhase section */

/* Begin PBXShellScriptBuildPhase section */
		263BE30CF8822B0651BD530D /* [CP] Check Pods Manifest.lock */ = {
			isa = PBXShellScriptBuildPhase;
			buildActionMask = 2147483647;
			files = (
			);
			inputFileListPaths = (
			);
			inputPaths = (
				"${PODS_PODFILE_DIR_PATH}/Podfile.lock",
				"${PODS_ROOT}/Manifest.lock",
			);
			name = "[CP] Check Pods Manifest.lock";
			outputFileListPaths = (
			);
			outputPaths = (
				"$(DERIVED_FILE_DIR)/Pods-VKApp-checkManifestLockResult.txt",
			);
			runOnlyForDeploymentPostprocessing = 0;
			shellPath = /bin/sh;
			shellScript = "diff \"${PODS_PODFILE_DIR_PATH}/Podfile.lock\" \"${PODS_ROOT}/Manifest.lock\" > /dev/null\nif [ $? != 0 ] ; then\n    # print error to STDERR\n    echo \"error: The sandbox is not in sync with the Podfile.lock. Run 'pod install' or update your CocoaPods installation.\" >&2\n    exit 1\nfi\n# This output is used by Xcode 'outputs' to avoid re-running this script phase.\necho \"SUCCESS\" > \"${SCRIPT_OUTPUT_FILE_0}\"\n";
			showEnvVarsInLog = 0;
		};
		656C7FD43039C7101E59EF91 /* [CP] Embed Pods Frameworks */ = {
			isa = PBXShellScriptBuildPhase;
			buildActionMask = 2147483647;
			files = (
			);
			inputFileListPaths = (
				"${PODS_ROOT}/Target Support Files/Pods-VKApp-VKAppUITests/Pods-VKApp-VKAppUITests-frameworks-${CONFIGURATION}-input-files.xcfilelist",
			);
			name = "[CP] Embed Pods Frameworks";
			outputFileListPaths = (
				"${PODS_ROOT}/Target Support Files/Pods-VKApp-VKAppUITests/Pods-VKApp-VKAppUITests-frameworks-${CONFIGURATION}-output-files.xcfilelist",
			);
			runOnlyForDeploymentPostprocessing = 0;
			shellPath = /bin/sh;
			shellScript = "\"${PODS_ROOT}/Target Support Files/Pods-VKApp-VKAppUITests/Pods-VKApp-VKAppUITests-frameworks.sh\"\n";
			showEnvVarsInLog = 0;
		};
		746D19A8723C0D48EB1E14C6 /* [CP] Embed Pods Frameworks */ = {
			isa = PBXShellScriptBuildPhase;
			buildActionMask = 2147483647;
			files = (
			);
			inputFileListPaths = (
				"${PODS_ROOT}/Target Support Files/Pods-VKApp/Pods-VKApp-frameworks-${CONFIGURATION}-input-files.xcfilelist",
			);
			name = "[CP] Embed Pods Frameworks";
			outputFileListPaths = (
				"${PODS_ROOT}/Target Support Files/Pods-VKApp/Pods-VKApp-frameworks-${CONFIGURATION}-output-files.xcfilelist",
			);
			runOnlyForDeploymentPostprocessing = 0;
			shellPath = /bin/sh;
			shellScript = "\"${PODS_ROOT}/Target Support Files/Pods-VKApp/Pods-VKApp-frameworks.sh\"\n";
			showEnvVarsInLog = 0;
		};
		7FF02F4D7E3599C69655F74C /* [CP] Check Pods Manifest.lock */ = {
			isa = PBXShellScriptBuildPhase;
			buildActionMask = 2147483647;
			files = (
			);
			inputFileListPaths = (
			);
			inputPaths = (
				"${PODS_PODFILE_DIR_PATH}/Podfile.lock",
				"${PODS_ROOT}/Manifest.lock",
			);
			name = "[CP] Check Pods Manifest.lock";
			outputFileListPaths = (
			);
			outputPaths = (
				"$(DERIVED_FILE_DIR)/Pods-VKAppTests-checkManifestLockResult.txt",
			);
			runOnlyForDeploymentPostprocessing = 0;
			shellPath = /bin/sh;
			shellScript = "diff \"${PODS_PODFILE_DIR_PATH}/Podfile.lock\" \"${PODS_ROOT}/Manifest.lock\" > /dev/null\nif [ $? != 0 ] ; then\n    # print error to STDERR\n    echo \"error: The sandbox is not in sync with the Podfile.lock. Run 'pod install' or update your CocoaPods installation.\" >&2\n    exit 1\nfi\n# This output is used by Xcode 'outputs' to avoid re-running this script phase.\necho \"SUCCESS\" > \"${SCRIPT_OUTPUT_FILE_0}\"\n";
			showEnvVarsInLog = 0;
		};
		A516BC5F2910431C008802FC /* SwiftLint */ = {
			isa = PBXShellScriptBuildPhase;
			buildActionMask = 2147483647;
			files = (
			);
			inputFileListPaths = (
			);
			inputPaths = (
			);
			name = SwiftLint;
			outputFileListPaths = (
			);
			outputPaths = (
			);
			runOnlyForDeploymentPostprocessing = 0;
			shellPath = /bin/sh;
			shellScript = "export PATH=\"$PATH:/opt/homebrew/bin\"\nif which swiftlint > /dev/null; then\n  swiftlint\nelse\n  echo \"warning: SwiftLint not installed, download from https://github.com/realm/SwiftLint\"\nfi\n";
		};
		A516BC602910432E008802FC /* SwiftFormat */ = {
			isa = PBXShellScriptBuildPhase;
			buildActionMask = 2147483647;
			files = (
			);
			inputFileListPaths = (
			);
			inputPaths = (
			);
			name = SwiftFormat;
			outputFileListPaths = (
			);
			outputPaths = (
			);
			runOnlyForDeploymentPostprocessing = 0;
			shellPath = /bin/sh;
			shellScript = "export PATH=\"$PATH:/opt/homebrew/bin\"\nif which swiftformat >/dev/null; then\n  swiftformat .\nelse\n  echo \"warning: SwiftFormat not installed, download from https://github.com/nicklockwood/SwiftFormat\"\nfi\n";
		};
		C3474D16395131C4CCEDEF29 /* [CP] Check Pods Manifest.lock */ = {
			isa = PBXShellScriptBuildPhase;
			buildActionMask = 2147483647;
			files = (
			);
			inputFileListPaths = (
			);
			inputPaths = (
				"${PODS_PODFILE_DIR_PATH}/Podfile.lock",
				"${PODS_ROOT}/Manifest.lock",
			);
			name = "[CP] Check Pods Manifest.lock";
			outputFileListPaths = (
			);
			outputPaths = (
				"$(DERIVED_FILE_DIR)/Pods-VKApp-VKAppUITests-checkManifestLockResult.txt",
			);
			runOnlyForDeploymentPostprocessing = 0;
			shellPath = /bin/sh;
			shellScript = "diff \"${PODS_PODFILE_DIR_PATH}/Podfile.lock\" \"${PODS_ROOT}/Manifest.lock\" > /dev/null\nif [ $? != 0 ] ; then\n    # print error to STDERR\n    echo \"error: The sandbox is not in sync with the Podfile.lock. Run 'pod install' or update your CocoaPods installation.\" >&2\n    exit 1\nfi\n# This output is used by Xcode 'outputs' to avoid re-running this script phase.\necho \"SUCCESS\" > \"${SCRIPT_OUTPUT_FILE_0}\"\n";
			showEnvVarsInLog = 0;
		};
/* End PBXShellScriptBuildPhase section */

/* Begin PBXSourcesBuildPhase section */
		A516BC2829104307008802FC /* Sources */ = {
			isa = PBXSourcesBuildPhase;
			buildActionMask = 2147483647;
			files = (
				A516BC3429104307008802FC /* LogInViewController.swift in Sources */,
				A5F3D66B2911C8C6004EB22A /* FriendsTableViewController.swift in Sources */,
				A516BC3029104307008802FC /* AppDelegate.swift in Sources */,
				A5463A8B2933ABEB00BBC5E0 /* Item.swift in Sources */,
				A5FA31B5291D8566008CE86C /* CustomPushAnimation.swift in Sources */,
				A5F3D66F2911C926004EB22A /* PhotosCollectionViewController.swift in Sources */,
				A5424098293E8FED00E3EFF3 /* PostPhotoTableViewCell.swift in Sources */,
				A5463A8F2933AC6C00BBC5E0 /* Size.swift in Sources */,
				A5B2212D29130874005363EE /* PhotosCollectionViewCell.swift in Sources */,
				A5463A82292EFF0F00BBC5E0 /* Photo.swift in Sources */,
				A5B2213B291475B2005363EE /* LikesControl.swift in Sources */,
				A5B221272912C0B8005363EE /* FriendTableViewCell.swift in Sources */,
				A5D9872F292D6A3800327582 /* VKWebViewController.swift in Sources */,
				A50F15522919A3F10029C985 /* MainTableViewController.swift in Sources */,
				A56C0753293ECF0600183AA9 /* LikesTableViewCell.swift in Sources */,
				A516BCA02910A2F0008802FC /* RegistrationViewController.swift in Sources */,
				A5B2212F291339D0005363EE /* GroupTableViewCell.swift in Sources */,
				A56618892934376900B9A28F /* UIImageView+Extension.swift in Sources */,
				A59F0499292BF32900D57EFA /* SessionSingleton.swift in Sources */,
				A507CFED291A897A00076C3A /* SortFriendTableViewCell.swift in Sources */,
				A56C0751293ECAAF00183AA9 /* LikesAndCommentsControl.swift in Sources */,
				A5B2213D2915AA74005363EE /* Group.swift in Sources */,
				A5B221292912CB50005363EE /* RecomendationsTableViewCell.swift in Sources */,
				A5B221252912BED9005363EE /* User.swift in Sources */,
				A566188729342EBE00B9A28F /* RealmService.swift in Sources */,
				A5424094293E8F9E00E3EFF3 /* AuthorTableViewCell.swift in Sources */,
				A5424096293E8FD500E3EFF3 /* PostTextTableViewCell.swift in Sources */,
				A5056EA629129E4E0073D407 /* UIViewController+Extension.swift in Sources */,
				A57B1DF72919E64E004A5A9A /* SortFriendsTableViewController.swift in Sources */,
				A5F3D6712911C961004EB22A /* UserGroupsTableViewController.swift in Sources */,
				A5463A892933ABC500BBC5E0 /* UserResponse.swift in Sources */,
				A5D98731292D79F700327582 /* NetworkService.swift in Sources */,
				A5F7D37E291D9A1C00FD3A10 /* CustomPopAnimation.swift in Sources */,
				A5FA31B3291D83D6008CE86C /* CustomNavigationController.swift in Sources */,
				A5F7D380291DA29000FD3A10 /* CustomInteractiveTransition.swift in Sources */,
				A5463A932933ACBC00BBC5E0 /* Items.swift in Sources */,
				A5B2213F29185896005363EE /* UITableViewController+Extension.swift in Sources */,
				A50F15562919A5810029C985 /* Posts.swift in Sources */,
				A507CFF3291AE50A00076C3A /* LoadingDotsView.swift in Sources */,
				A5B221332913407D005363EE /* GlobalGroupsTableViewCell.swift in Sources */,
				A5463A8D2933AC5700BBC5E0 /* PhotoResponse.swift in Sources */,
				A5F3D6732911C97B004EB22A /* GlobalSearchTableViewController.swift in Sources */,
				A516BC3229104307008802FC /* SceneDelegate.swift in Sources */,
				A5FA31AB291C7C53008CE86C /* SortedFriendsPhotosViewController.swift in Sources */,
				A5B2213929146CC5005363EE /* PhotoView.swift in Sources */,
				A5463A912933ACA400BBC5E0 /* GroupResponse.swift in Sources */,
				A577642E293F7C92000EB6F4 /* EmptyTableViewCell.swift in Sources */,
				A5A35F5A291C5E29007704ED /* FriendsPhotosViewController.swift in Sources */,
			);
			runOnlyForDeploymentPostprocessing = 0;
		};
		A516BC3E29104308008802FC /* Sources */ = {
			isa = PBXSourcesBuildPhase;
			buildActionMask = 2147483647;
			files = (
				A516BC4729104308008802FC /* VKAppTests.swift in Sources */,
			);
			runOnlyForDeploymentPostprocessing = 0;
		};
		A516BC4829104308008802FC /* Sources */ = {
			isa = PBXSourcesBuildPhase;
			buildActionMask = 2147483647;
			files = (
				A516BC5129104308008802FC /* VKAppUITests.swift in Sources */,
				A516BC5329104308008802FC /* VKAppUITestsLaunchTests.swift in Sources */,
			);
			runOnlyForDeploymentPostprocessing = 0;
		};
/* End PBXSourcesBuildPhase section */

/* Begin PBXTargetDependency section */
		A516BC4429104308008802FC /* PBXTargetDependency */ = {
			isa = PBXTargetDependency;
			target = A516BC2B29104307008802FC /* VKApp */;
			targetProxy = A516BC4329104308008802FC /* PBXContainerItemProxy */;
		};
		A516BC4E29104308008802FC /* PBXTargetDependency */ = {
			isa = PBXTargetDependency;
			target = A516BC2B29104307008802FC /* VKApp */;
			targetProxy = A516BC4D29104308008802FC /* PBXContainerItemProxy */;
		};
/* End PBXTargetDependency section */

/* Begin PBXVariantGroup section */
		A516BC3529104307008802FC /* Main.storyboard */ = {
			isa = PBXVariantGroup;
			children = (
				A516BC3629104307008802FC /* Base */,
			);
			name = Main.storyboard;
			sourceTree = "<group>";
		};
		A516BC3A29104308008802FC /* LaunchScreen.storyboard */ = {
			isa = PBXVariantGroup;
			children = (
				A516BC3B29104308008802FC /* Base */,
			);
			name = LaunchScreen.storyboard;
			sourceTree = "<group>";
		};
/* End PBXVariantGroup section */

/* Begin XCBuildConfiguration section */
		A516BC5429104308008802FC /* Debug */ = {
			isa = XCBuildConfiguration;
			buildSettings = {
				ALWAYS_SEARCH_USER_PATHS = NO;
				CLANG_ANALYZER_NONNULL = YES;
				CLANG_ANALYZER_NUMBER_OBJECT_CONVERSION = YES_AGGRESSIVE;
				CLANG_CXX_LANGUAGE_STANDARD = "gnu++20";
				CLANG_ENABLE_MODULES = YES;
				CLANG_ENABLE_OBJC_ARC = YES;
				CLANG_ENABLE_OBJC_WEAK = YES;
				CLANG_WARN_BLOCK_CAPTURE_AUTORELEASING = YES;
				CLANG_WARN_BOOL_CONVERSION = YES;
				CLANG_WARN_COMMA = YES;
				CLANG_WARN_CONSTANT_CONVERSION = YES;
				CLANG_WARN_DEPRECATED_OBJC_IMPLEMENTATIONS = YES;
				CLANG_WARN_DIRECT_OBJC_ISA_USAGE = YES_ERROR;
				CLANG_WARN_DOCUMENTATION_COMMENTS = YES;
				CLANG_WARN_EMPTY_BODY = YES;
				CLANG_WARN_ENUM_CONVERSION = YES;
				CLANG_WARN_INFINITE_RECURSION = YES;
				CLANG_WARN_INT_CONVERSION = YES;
				CLANG_WARN_NON_LITERAL_NULL_CONVERSION = YES;
				CLANG_WARN_OBJC_IMPLICIT_RETAIN_SELF = YES;
				CLANG_WARN_OBJC_LITERAL_CONVERSION = YES;
				CLANG_WARN_OBJC_ROOT_CLASS = YES_ERROR;
				CLANG_WARN_QUOTED_INCLUDE_IN_FRAMEWORK_HEADER = YES;
				CLANG_WARN_RANGE_LOOP_ANALYSIS = YES;
				CLANG_WARN_STRICT_PROTOTYPES = YES;
				CLANG_WARN_SUSPICIOUS_MOVE = YES;
				CLANG_WARN_UNGUARDED_AVAILABILITY = YES_AGGRESSIVE;
				CLANG_WARN_UNREACHABLE_CODE = YES;
				CLANG_WARN__DUPLICATE_METHOD_MATCH = YES;
				COPY_PHASE_STRIP = NO;
				DEBUG_INFORMATION_FORMAT = dwarf;
				ENABLE_STRICT_OBJC_MSGSEND = YES;
				ENABLE_TESTABILITY = YES;
				GCC_C_LANGUAGE_STANDARD = gnu11;
				GCC_DYNAMIC_NO_PIC = NO;
				GCC_NO_COMMON_BLOCKS = YES;
				GCC_OPTIMIZATION_LEVEL = 0;
				GCC_PREPROCESSOR_DEFINITIONS = (
					"DEBUG=1",
					"$(inherited)",
				);
				GCC_WARN_64_TO_32_BIT_CONVERSION = YES;
				GCC_WARN_ABOUT_RETURN_TYPE = YES_ERROR;
				GCC_WARN_UNDECLARED_SELECTOR = YES;
				GCC_WARN_UNINITIALIZED_AUTOS = YES_AGGRESSIVE;
				GCC_WARN_UNUSED_FUNCTION = YES;
				GCC_WARN_UNUSED_VARIABLE = YES;
				IPHONEOS_DEPLOYMENT_TARGET = 16.0;
				MTL_ENABLE_DEBUG_INFO = INCLUDE_SOURCE;
				MTL_FAST_MATH = YES;
				ONLY_ACTIVE_ARCH = YES;
				SDKROOT = iphoneos;
				SWIFT_ACTIVE_COMPILATION_CONDITIONS = DEBUG;
				SWIFT_OPTIMIZATION_LEVEL = "-Onone";
			};
			name = Debug;
		};
		A516BC5529104308008802FC /* Release */ = {
			isa = XCBuildConfiguration;
			buildSettings = {
				ALWAYS_SEARCH_USER_PATHS = NO;
				CLANG_ANALYZER_NONNULL = YES;
				CLANG_ANALYZER_NUMBER_OBJECT_CONVERSION = YES_AGGRESSIVE;
				CLANG_CXX_LANGUAGE_STANDARD = "gnu++20";
				CLANG_ENABLE_MODULES = YES;
				CLANG_ENABLE_OBJC_ARC = YES;
				CLANG_ENABLE_OBJC_WEAK = YES;
				CLANG_WARN_BLOCK_CAPTURE_AUTORELEASING = YES;
				CLANG_WARN_BOOL_CONVERSION = YES;
				CLANG_WARN_COMMA = YES;
				CLANG_WARN_CONSTANT_CONVERSION = YES;
				CLANG_WARN_DEPRECATED_OBJC_IMPLEMENTATIONS = YES;
				CLANG_WARN_DIRECT_OBJC_ISA_USAGE = YES_ERROR;
				CLANG_WARN_DOCUMENTATION_COMMENTS = YES;
				CLANG_WARN_EMPTY_BODY = YES;
				CLANG_WARN_ENUM_CONVERSION = YES;
				CLANG_WARN_INFINITE_RECURSION = YES;
				CLANG_WARN_INT_CONVERSION = YES;
				CLANG_WARN_NON_LITERAL_NULL_CONVERSION = YES;
				CLANG_WARN_OBJC_IMPLICIT_RETAIN_SELF = YES;
				CLANG_WARN_OBJC_LITERAL_CONVERSION = YES;
				CLANG_WARN_OBJC_ROOT_CLASS = YES_ERROR;
				CLANG_WARN_QUOTED_INCLUDE_IN_FRAMEWORK_HEADER = YES;
				CLANG_WARN_RANGE_LOOP_ANALYSIS = YES;
				CLANG_WARN_STRICT_PROTOTYPES = YES;
				CLANG_WARN_SUSPICIOUS_MOVE = YES;
				CLANG_WARN_UNGUARDED_AVAILABILITY = YES_AGGRESSIVE;
				CLANG_WARN_UNREACHABLE_CODE = YES;
				CLANG_WARN__DUPLICATE_METHOD_MATCH = YES;
				COPY_PHASE_STRIP = NO;
				DEBUG_INFORMATION_FORMAT = "dwarf-with-dsym";
				ENABLE_NS_ASSERTIONS = NO;
				ENABLE_STRICT_OBJC_MSGSEND = YES;
				GCC_C_LANGUAGE_STANDARD = gnu11;
				GCC_NO_COMMON_BLOCKS = YES;
				GCC_WARN_64_TO_32_BIT_CONVERSION = YES;
				GCC_WARN_ABOUT_RETURN_TYPE = YES_ERROR;
				GCC_WARN_UNDECLARED_SELECTOR = YES;
				GCC_WARN_UNINITIALIZED_AUTOS = YES_AGGRESSIVE;
				GCC_WARN_UNUSED_FUNCTION = YES;
				GCC_WARN_UNUSED_VARIABLE = YES;
				IPHONEOS_DEPLOYMENT_TARGET = 16.0;
				MTL_ENABLE_DEBUG_INFO = NO;
				MTL_FAST_MATH = YES;
				SDKROOT = iphoneos;
				SWIFT_COMPILATION_MODE = wholemodule;
				SWIFT_OPTIMIZATION_LEVEL = "-O";
				VALIDATE_PRODUCT = YES;
			};
			name = Release;
		};
		A516BC5729104308008802FC /* Debug */ = {
			isa = XCBuildConfiguration;
			baseConfigurationReference = 47DDCEF58412313CB66DF8EA /* Pods-VKApp.debug.xcconfig */;
			buildSettings = {
				ASSETCATALOG_COMPILER_APPICON_NAME = AppIcon;
				ASSETCATALOG_COMPILER_GLOBAL_ACCENT_COLOR_NAME = AccentColor;
				CODE_SIGN_STYLE = Automatic;
				CURRENT_PROJECT_VERSION = 1;
				DEVELOPMENT_TEAM = T89X3T8CX6;
				GENERATE_INFOPLIST_FILE = YES;
				INFOPLIST_FILE = VKApp/Info.plist;
				INFOPLIST_KEY_UIApplicationSupportsIndirectInputEvents = YES;
				INFOPLIST_KEY_UILaunchStoryboardName = LaunchScreen;
				INFOPLIST_KEY_UIMainStoryboardFile = Main;
				INFOPLIST_KEY_UISupportedInterfaceOrientations_iPad = "UIInterfaceOrientationPortrait UIInterfaceOrientationPortraitUpsideDown UIInterfaceOrientationLandscapeLeft UIInterfaceOrientationLandscapeRight";
				INFOPLIST_KEY_UISupportedInterfaceOrientations_iPhone = "UIInterfaceOrientationPortrait UIInterfaceOrientationLandscapeLeft UIInterfaceOrientationLandscapeRight";
				IPHONEOS_DEPLOYMENT_TARGET = 15.5;
				LD_RUNPATH_SEARCH_PATHS = (
					"$(inherited)",
					"@executable_path/Frameworks",
				);
				MARKETING_VERSION = 1.0;
				PRODUCT_BUNDLE_IDENTIFIER = "-.VKAp";
				PRODUCT_NAME = "$(TARGET_NAME)";
				SWIFT_EMIT_LOC_STRINGS = YES;
				SWIFT_VERSION = 5.0;
				TARGETED_DEVICE_FAMILY = "1,2";
			};
			name = Debug;
		};
		A516BC5829104308008802FC /* Release */ = {
			isa = XCBuildConfiguration;
			baseConfigurationReference = 26856F023EB3B34314621900 /* Pods-VKApp.release.xcconfig */;
			buildSettings = {
				ASSETCATALOG_COMPILER_APPICON_NAME = AppIcon;
				ASSETCATALOG_COMPILER_GLOBAL_ACCENT_COLOR_NAME = AccentColor;
				CODE_SIGN_STYLE = Automatic;
				CURRENT_PROJECT_VERSION = 1;
				DEVELOPMENT_TEAM = T89X3T8CX6;
				GENERATE_INFOPLIST_FILE = YES;
				INFOPLIST_FILE = VKApp/Info.plist;
				INFOPLIST_KEY_UIApplicationSupportsIndirectInputEvents = YES;
				INFOPLIST_KEY_UILaunchStoryboardName = LaunchScreen;
				INFOPLIST_KEY_UIMainStoryboardFile = Main;
				INFOPLIST_KEY_UISupportedInterfaceOrientations_iPad = "UIInterfaceOrientationPortrait UIInterfaceOrientationPortraitUpsideDown UIInterfaceOrientationLandscapeLeft UIInterfaceOrientationLandscapeRight";
				INFOPLIST_KEY_UISupportedInterfaceOrientations_iPhone = "UIInterfaceOrientationPortrait UIInterfaceOrientationLandscapeLeft UIInterfaceOrientationLandscapeRight";
				IPHONEOS_DEPLOYMENT_TARGET = 15.5;
				LD_RUNPATH_SEARCH_PATHS = (
					"$(inherited)",
					"@executable_path/Frameworks",
				);
				MARKETING_VERSION = 1.0;
				PRODUCT_BUNDLE_IDENTIFIER = "-.VKAp";
				PRODUCT_NAME = "$(TARGET_NAME)";
				SWIFT_EMIT_LOC_STRINGS = YES;
				SWIFT_VERSION = 5.0;
				TARGETED_DEVICE_FAMILY = "1,2";
			};
			name = Release;
		};
		A516BC5A29104308008802FC /* Debug */ = {
			isa = XCBuildConfiguration;
			baseConfigurationReference = 23BAC65D9B8F1F142C54B1B5 /* Pods-VKAppTests.debug.xcconfig */;
			buildSettings = {
				ALWAYS_EMBED_SWIFT_STANDARD_LIBRARIES = YES;
				BUNDLE_LOADER = "$(TEST_HOST)";
				CODE_SIGN_STYLE = Automatic;
				CURRENT_PROJECT_VERSION = 1;
				DEVELOPMENT_TEAM = T89X3T8CX6;
				GENERATE_INFOPLIST_FILE = YES;
				IPHONEOS_DEPLOYMENT_TARGET = 16.0;
				MARKETING_VERSION = 1.0;
				PRODUCT_BUNDLE_IDENTIFIER = "-.VKAppTests";
				PRODUCT_NAME = "$(TARGET_NAME)";
				SWIFT_EMIT_LOC_STRINGS = NO;
				SWIFT_VERSION = 5.0;
				TARGETED_DEVICE_FAMILY = "1,2";
				TEST_HOST = "$(BUILT_PRODUCTS_DIR)/VKApp.app/$(BUNDLE_EXECUTABLE_FOLDER_PATH)/VKApp";
			};
			name = Debug;
		};
		A516BC5B29104308008802FC /* Release */ = {
			isa = XCBuildConfiguration;
			baseConfigurationReference = E5F5AAF6843B36654614F486 /* Pods-VKAppTests.release.xcconfig */;
			buildSettings = {
				ALWAYS_EMBED_SWIFT_STANDARD_LIBRARIES = YES;
				BUNDLE_LOADER = "$(TEST_HOST)";
				CODE_SIGN_STYLE = Automatic;
				CURRENT_PROJECT_VERSION = 1;
				DEVELOPMENT_TEAM = T89X3T8CX6;
				GENERATE_INFOPLIST_FILE = YES;
				IPHONEOS_DEPLOYMENT_TARGET = 16.0;
				MARKETING_VERSION = 1.0;
				PRODUCT_BUNDLE_IDENTIFIER = "-.VKAppTests";
				PRODUCT_NAME = "$(TARGET_NAME)";
				SWIFT_EMIT_LOC_STRINGS = NO;
				SWIFT_VERSION = 5.0;
				TARGETED_DEVICE_FAMILY = "1,2";
				TEST_HOST = "$(BUILT_PRODUCTS_DIR)/VKApp.app/$(BUNDLE_EXECUTABLE_FOLDER_PATH)/VKApp";
			};
			name = Release;
		};
		A516BC5D29104308008802FC /* Debug */ = {
			isa = XCBuildConfiguration;
			baseConfigurationReference = 5F8326F433AF7B8DE5B975D2 /* Pods-VKApp-VKAppUITests.debug.xcconfig */;
			buildSettings = {
				ALWAYS_EMBED_SWIFT_STANDARD_LIBRARIES = YES;
				CODE_SIGN_STYLE = Automatic;
				CURRENT_PROJECT_VERSION = 1;
				DEVELOPMENT_TEAM = T89X3T8CX6;
				GENERATE_INFOPLIST_FILE = YES;
				MARKETING_VERSION = 1.0;
				PRODUCT_BUNDLE_IDENTIFIER = "-.VKAppUITests";
				PRODUCT_NAME = "$(TARGET_NAME)";
				SWIFT_EMIT_LOC_STRINGS = NO;
				SWIFT_VERSION = 5.0;
				TARGETED_DEVICE_FAMILY = "1,2";
				TEST_TARGET_NAME = VKApp;
			};
			name = Debug;
		};
		A516BC5E29104308008802FC /* Release */ = {
			isa = XCBuildConfiguration;
			baseConfigurationReference = AB07223CFB5DA8AC1357A874 /* Pods-VKApp-VKAppUITests.release.xcconfig */;
			buildSettings = {
				ALWAYS_EMBED_SWIFT_STANDARD_LIBRARIES = YES;
				CODE_SIGN_STYLE = Automatic;
				CURRENT_PROJECT_VERSION = 1;
				DEVELOPMENT_TEAM = T89X3T8CX6;
				GENERATE_INFOPLIST_FILE = YES;
				MARKETING_VERSION = 1.0;
				PRODUCT_BUNDLE_IDENTIFIER = "-.VKAppUITests";
				PRODUCT_NAME = "$(TARGET_NAME)";
				SWIFT_EMIT_LOC_STRINGS = NO;
				SWIFT_VERSION = 5.0;
				TARGETED_DEVICE_FAMILY = "1,2";
				TEST_TARGET_NAME = VKApp;
			};
			name = Release;
		};
/* End XCBuildConfiguration section */

/* Begin XCConfigurationList section */
		A516BC2729104307008802FC /* Build configuration list for PBXProject "VKApp" */ = {
			isa = XCConfigurationList;
			buildConfigurations = (
				A516BC5429104308008802FC /* Debug */,
				A516BC5529104308008802FC /* Release */,
			);
			defaultConfigurationIsVisible = 0;
			defaultConfigurationName = Release;
		};
		A516BC5629104308008802FC /* Build configuration list for PBXNativeTarget "VKApp" */ = {
			isa = XCConfigurationList;
			buildConfigurations = (
				A516BC5729104308008802FC /* Debug */,
				A516BC5829104308008802FC /* Release */,
			);
			defaultConfigurationIsVisible = 0;
			defaultConfigurationName = Release;
		};
		A516BC5929104308008802FC /* Build configuration list for PBXNativeTarget "VKAppTests" */ = {
			isa = XCConfigurationList;
			buildConfigurations = (
				A516BC5A29104308008802FC /* Debug */,
				A516BC5B29104308008802FC /* Release */,
			);
			defaultConfigurationIsVisible = 0;
			defaultConfigurationName = Release;
		};
		A516BC5C29104308008802FC /* Build configuration list for PBXNativeTarget "VKAppUITests" */ = {
			isa = XCConfigurationList;
			buildConfigurations = (
				A516BC5D29104308008802FC /* Debug */,
				A516BC5E29104308008802FC /* Release */,
			);
			defaultConfigurationIsVisible = 0;
			defaultConfigurationName = Release;
		};
/* End XCConfigurationList section */
	};
	rootObject = A516BC2429104307008802FC /* Project object */;
}
